# THIS IS AN AUTOGENERATED FILE. DO NOT EDIT THIS FILE DIRECTLY.
# yarn lockfile v1


"@glidejs/glide@^3.5.2":
  version "3.5.2"
  resolved "https://registry.yarnpkg.com/@glidejs/glide/-/glide-3.5.2.tgz#7012c5920ecf202bbda44d8526fc979984b6dd54"
  integrity sha512-7jGciNJ2bQ4eZLSNlSZ+VAyW63kALf420CvkEpK4lEsUfWJq9odqimci0YCiyNyMUFB+pWHwLYyNc57dijYsCg==

"@hotwired/stimulus@^3.0.1":
  version "3.0.1"
  resolved "https://registry.yarnpkg.com/@hotwired/stimulus/-/stimulus-3.0.1.tgz#141f15645acaa3b133b7c247cad58ae252ffae85"
  integrity sha512-oHsJhgY2cip+K2ED7vKUNd2P+BEswVhrCYcJ802DSsblJFv7mPFVk3cQKvm2vHgHeDVdnj7oOKrBbzp1u8D+KA==

"@hotwired/turbo-rails@^7.1.3":
  version "7.1.3"
  resolved "https://registry.yarnpkg.com/@hotwired/turbo-rails/-/turbo-rails-7.1.3.tgz#a4e04ecb800a06e7f9aa6e298170fa4580b74216"
  integrity sha512-6qKgn75bMWKx0bJgmSfrdC73EJkGLoSWZPAssvcd3nE7ZpDZff6f67j5OQNjjpRgNB7OFruom6VWguGQGu1fQg==
  dependencies:
    "@hotwired/turbo" "^7.1.0"
    "@rails/actioncable" "^7.0"

"@hotwired/turbo@^7.1.0":
  version "7.1.0"
  resolved "https://registry.yarnpkg.com/@hotwired/turbo/-/turbo-7.1.0.tgz#27e44e0e3dc5bd1d4bda0766d579cf5a14091cd7"
  integrity sha512-Q8kGjqwPqER+CtpQudbH+3Zgs2X4zb6pBAlr6NsKTXadg45pAOvxI9i4QpuHbwSzR2+x87HUm+rot9F/Pe8rxA==

"@popperjs/core@^2.11.5":
  version "2.11.6"
  resolved "https://registry.yarnpkg.com/@popperjs/core/-/core-2.11.6.tgz#cee20bd55e68a1720bdab363ecf0c821ded4cd45"
  integrity sha512-50/17A98tWUfQ176raKiOGXuYpLyyVMkxxG6oylzL3BPOlA6ADGdK7EYunSa4I064xerltq9TGXs8HmOk5E+vw==

"@popperjs/core@^2.9.0":
  version "2.11.5"
  resolved "https://registry.yarnpkg.com/@popperjs/core/-/core-2.11.5.tgz#db5a11bf66bdab39569719555b0f76e138d7bd64"
  integrity sha512-9X2obfABZuDVLCgPK9aX0a/x4jaOEweTTWE2+9sr0Qqqevj2Uv5XorvusThmc9XGYpS9yI+fhh8RTafBtGposw==

"@rails/actioncable@^7.0":
  version "7.0.3"
  resolved "https://registry.yarnpkg.com/@rails/actioncable/-/actioncable-7.0.3.tgz#71f08e958883af64f6a20489318b5e95d2c6dc5b"
  integrity sha512-Iefl21FZD+ck1di6xSHMYzSzRiNJTHV4NrAzCfDfqc/wPz4xncrP8f2/fJ+2jzwKIaDn76UVMsALh7R5OzsF8Q==

"@rails/request.js@^0.0.6":
  version "0.0.6"
  resolved "https://registry.yarnpkg.com/@rails/request.js/-/request.js-0.0.6.tgz#5f0347a9f363e50ec45118c7134080490cda81d8"
  integrity sha512-dfFWaQXitYJ4kxrgGJNhDNXX54/v10YgoJqBMVe6lhqs6a4N9WD7goZJEvwin82TtK8MqUNhwfyisgKwM6dMdg==

"@tiptap/core@^2.0.0-beta.174", "@tiptap/core@^2.0.0-beta.180":
  version "2.0.0-beta.180"
  resolved "https://registry.yarnpkg.com/@tiptap/core/-/core-2.0.0-beta.180.tgz#89509664822a571b0f1ac775d8e9640352805942"
  integrity sha512-aMMMy95k7r+JkxgqhWQwLLmLQUeI60AR3OfpFvK6JdLrZjkx/g7ugPAH6gJNcI6q0z30rTnOL13+iMcnBLyHcQ==
  dependencies:
    prosemirror-commands "^1.3.0"
    prosemirror-keymap "^1.2.0"
    prosemirror-model "^1.17.0"
    prosemirror-schema-list "^1.2.0"
    prosemirror-state "^1.4.0"
    prosemirror-transform "^1.6.0"
    prosemirror-view "^1.25.0"

"@tiptap/extension-blockquote@^2.0.0-beta.29":
  version "2.0.0-beta.29"
  resolved "https://registry.yarnpkg.com/@tiptap/extension-blockquote/-/extension-blockquote-2.0.0-beta.29.tgz#6f1c4b17efa6457c7776f32d0807e96d848d4389"
  integrity sha512-zMYT5TtpKWav9VhTn4JLyMvXmhEdbD6on0MdhcTjRm0I5ugyR4ZbJwh2aelM7G9DZVYzB8jZU18OSDJmo7Af7w==

"@tiptap/extension-bold@^2.0.0-beta.28":
  version "2.0.0-beta.28"
  resolved "https://registry.yarnpkg.com/@tiptap/extension-bold/-/extension-bold-2.0.0-beta.28.tgz#cf67c264a80434ffb2368f3dd37cf357ae0c2064"
  integrity sha512-DY8GOzw9xjmTFrnvTbgHUNxTnDfKrkDgrhe0SUvdkT2udntWp8umPdhPiD3vczLgHOJw6tX68qMRjbsR1ZPcHQ==

"@tiptap/extension-bubble-menu@^2.0.0-beta.55":
  version "2.0.0-beta.60"
  resolved "https://registry.yarnpkg.com/@tiptap/extension-bubble-menu/-/extension-bubble-menu-2.0.0-beta.60.tgz#b6a9968b28fd06bca7088e156603842f9b2ded1e"
  integrity sha512-IMSJgyF8o66d43UAunHpqx+SCSe1WZyCrSR1X4UmAzW+vU6ur+2+8ufDnL8zEij/ZgupatA2wJsYL/VhXp3jQw==
  dependencies:
    prosemirror-state "^1.4.0"
    prosemirror-view "^1.25.0"
    tippy.js "^6.3.7"

"@tiptap/extension-bullet-list@^2.0.0-beta.29":
  version "2.0.0-beta.29"
  resolved "https://registry.yarnpkg.com/@tiptap/extension-bullet-list/-/extension-bullet-list-2.0.0-beta.29.tgz#640883e4fffc1a86c7cbd78792688e7edee5ee41"
  integrity sha512-R8VB2l1ZB6VeGWx/t/04nBS5Wg3qjIDEZCpPihj2fccJOw99Lu0Ub2UJg/SfdGmeNNpBh4ZYYFv1g/XjyzlXKg==

"@tiptap/extension-code-block-lowlight@^2.0.0-beta.68":
  version "2.0.0-beta.72"
  resolved "https://registry.yarnpkg.com/@tiptap/extension-code-block-lowlight/-/extension-code-block-lowlight-2.0.0-beta.72.tgz#cf581fa914e2c1a59e77aa24dc808cc9d93c0fa2"
  integrity sha512-1iuGaLbAkTFh0fQoW8/KM0u3Qz6RzVgxzWgHvvdV/AhhU4bv7eykFNgpitWLU5OU22L/cLWWe8KtkuflLExkjg==
  dependencies:
    "@tiptap/extension-code-block" "^2.0.0-beta.41"
    "@types/lowlight" "^0.0.3"
    lowlight "^1.20.0"
    prosemirror-model "^1.17.0"
    prosemirror-state "^1.4.0"
    prosemirror-view "^1.25.0"

"@tiptap/extension-code-block@^2.0.0-beta.37", "@tiptap/extension-code-block@^2.0.0-beta.41":
  version "2.0.0-beta.41"
  resolved "https://registry.yarnpkg.com/@tiptap/extension-code-block/-/extension-code-block-2.0.0-beta.41.tgz#854fcc6afb980e5633fde94afd261e91fc69c4df"
  integrity sha512-iXWV4nMd4+FwxmvAgtT1lr3/1VLLC+PrS3Gv9QZsRCp3Iacs3M0NQyuViYSqPNxyLFoDjLRbA4eak2WMgq8Q1g==
  dependencies:
    prosemirror-state "^1.4.0"

"@tiptap/extension-code@^2.0.0-beta.28":
  version "2.0.0-beta.28"
  resolved "https://registry.yarnpkg.com/@tiptap/extension-code/-/extension-code-2.0.0-beta.28.tgz#a22c0e873497ac0bbcd77e4a855322f8591f954e"
  integrity sha512-QPJ2Gwb1+3NgcC1ZIhvVcb+FsnWWDu5VZXTKXM4mz892i9V2x48uHg5anPiUV6pcolXsW1F5VNbXIHGTUUO6CQ==

"@tiptap/extension-document@^2.0.0-beta.17":
  version "2.0.0-beta.17"
  resolved "https://registry.yarnpkg.com/@tiptap/extension-document/-/extension-document-2.0.0-beta.17.tgz#ded4182dd860762bcf41c588f712d83908c472a3"
  integrity sha512-L6sg0FNchbtIpQkCSjMmItVGs3/vep8Fq56WRtDc1wBSGUSmtHaxQG7F2FZLnNIUMuvzVMRD81m2vYG73WkY6A==

"@tiptap/extension-dropcursor@^2.0.0-beta.28":
  version "2.0.0-beta.28"
  resolved "https://registry.yarnpkg.com/@tiptap/extension-dropcursor/-/extension-dropcursor-2.0.0-beta.28.tgz#55013b1356fd589990003c83bb719d7b4ccad46d"
  integrity sha512-t61/pALhkV7gORM+KM2M7hypNfJt+bHgk1Lk7FrWqKXQCkVGQzdOgPfnuFxpzi8kC2m7jQxvZC3S+4oBBKhkPA==
  dependencies:
    prosemirror-dropcursor "^1.5.0"

"@tiptap/extension-gapcursor@^2.0.0-beta.38":
  version "2.0.0-beta.38"
  resolved "https://registry.yarnpkg.com/@tiptap/extension-gapcursor/-/extension-gapcursor-2.0.0-beta.38.tgz#14254eed2c8702a287c4952d4e83bc3baeacd759"
  integrity sha512-sNMgfXLsTUew9LnjV2YTCGO0Ed6o2tkZkEQyWDoLMhdjffRPM9QUar0H+a/U+BTW8jJLwU1cRpw6uykBtWAVCw==
  dependencies:
    prosemirror-gapcursor "^1.3.0"

"@tiptap/extension-hard-break@^2.0.0-beta.33":
  version "2.0.0-beta.33"
  resolved "https://registry.yarnpkg.com/@tiptap/extension-hard-break/-/extension-hard-break-2.0.0-beta.33.tgz#e2f355a22aaaec6e831cf2880c52aa5b0b860573"
  integrity sha512-41xf0vSV9hcyTFd01ItLq/CjhjgmOFLCrO3UWN/P2E/cIxuDTyXcvjTE/KXeqRCOV3OYd9fVr0wO91hc8Ij1Yg==

"@tiptap/extension-heading@^2.0.0-beta.29":
  version "2.0.0-beta.29"
  resolved "https://registry.yarnpkg.com/@tiptap/extension-heading/-/extension-heading-2.0.0-beta.29.tgz#d017d216c0fd1962c266f6f61a335093f9749862"
  integrity sha512-q92jYcsT5bPhvuQaB0h44Z9r+Ii22tDYo082KMVnR4+tknHT/3xx+p4JC8KHjh+/5W8Quyafqy6mS8L8VX0zsQ==

"@tiptap/extension-history@^2.0.0-beta.25":
  version "2.0.0-beta.25"
  resolved "https://registry.yarnpkg.com/@tiptap/extension-history/-/extension-history-2.0.0-beta.25.tgz#756d8e82e8873278e567b460c67445f71563b797"
  integrity sha512-G3z6BYeb742U9G2wQPhv9qzf74WxDU3h8VlD3NKl3zdqciFG/lXYH6k3+B+aKHwAWfgdYo7NtLtdWPV9EE2vCg==
  dependencies:
    prosemirror-history "^1.3.0"

"@tiptap/extension-horizontal-rule@^2.0.0-beta.35":
  version "2.0.0-beta.35"
  resolved "https://registry.yarnpkg.com/@tiptap/extension-horizontal-rule/-/extension-horizontal-rule-2.0.0-beta.35.tgz#425430db5e56ac4e1560b250676dd3a56df87adc"
  integrity sha512-o+LHwWyORkcFgmfiE/BHUiW+DyD7K8fdxa6WxDmVTjGad17XQbIj4ZOiMAmyUombht85ocdsVBsu+q9Vv/EgRw==
  dependencies:
    prosemirror-state "^1.4.0"

"@tiptap/extension-image@^2.0.0-beta.27":
  version "2.0.0-beta.30"
  resolved "https://registry.yarnpkg.com/@tiptap/extension-image/-/extension-image-2.0.0-beta.30.tgz#60c6cfd09bfd017a3d8b1feaf0931462ffd71a60"
  integrity sha512-VhEmgiKkZMiKR7hbpJgIlIUS/QNjSGI5ER7mKDAbuV1IB5yb6nGjZ6o3Exrr2/CaTaW5hQarBC1z2Xgdu05EGg==

"@tiptap/extension-italic@^2.0.0-beta.28":
  version "2.0.0-beta.28"
  resolved "https://registry.yarnpkg.com/@tiptap/extension-italic/-/extension-italic-2.0.0-beta.28.tgz#bf88ecae64c8f2f69f1f508b802c1efd7454a84e"
  integrity sha512-/pKRiCfewh7nqiXRD3N4hQHfGrGNOiWPFYZfY35bSpvTms7PDb/MF7xT1CWW23hSpY31BBS+R/a66vlR/gqu7Q==

"@tiptap/extension-link@^2.0.0-beta.36":
  version "2.0.0-beta.42"
  resolved "https://registry.yarnpkg.com/@tiptap/extension-link/-/extension-link-2.0.0-beta.42.tgz#2ac28440a5a66426deb2a939a7c1145fdd9437db"
  integrity sha512-cyIYcNJTqBEf6eRSYI6AZptwMnZw0xUMl4FNo9qyo/PbPNwXcoIyyNRdn1jPB9mtlW0eTNwhHDlFpwJgbDcsxg==
  dependencies:
    linkifyjs "^3.0.5"
    prosemirror-model "^1.17.0"
    prosemirror-state "^1.4.0"

"@tiptap/extension-list-item@^2.0.0-beta.23":
  version "2.0.0-beta.23"
  resolved "https://registry.yarnpkg.com/@tiptap/extension-list-item/-/extension-list-item-2.0.0-beta.23.tgz#6d1ac7235462b0bcee196f42bb1871669480b843"
  integrity sha512-AkzvdELz3ZnrlZM0r9+ritBDOnAjXHR/8zCZhW0ZlWx4zyKPMsNG5ygivY+xr4QT65NEGRT8P8b2zOhXrMjjMQ==

"@tiptap/extension-mention@^2.0.0-beta.95":
  version "2.0.0-beta.101"
  resolved "https://registry.yarnpkg.com/@tiptap/extension-mention/-/extension-mention-2.0.0-beta.101.tgz#0821f2bc7ce02afbcc39c28209a5bf49a932a040"
  integrity sha512-+olK0k7vPSCnWvOuwjbs6AGTNmhd1HyQ0ayzKGcC5IrwhEx3XtuebcVz6Q/FVOsfRFFQ3yFyMoA7dtqjVvvYYA==
  dependencies:
    "@tiptap/suggestion" "^2.0.0-beta.96"
    prosemirror-model "^1.17.0"
    prosemirror-state "^1.4.0"

"@tiptap/extension-ordered-list@^2.0.0-beta.30":
  version "2.0.0-beta.30"
  resolved "https://registry.yarnpkg.com/@tiptap/extension-ordered-list/-/extension-ordered-list-2.0.0-beta.30.tgz#1f656b664302d90272c244b2e478d7056203f2a8"
  integrity sha512-GRxGQdq1u0Rp5N8TjthCqoZ//460m343A0HCN7UwfQOnX7Ipv0UJemwNkSHWrl7Pexym9vy3yPWgrn7oRRmgEw==

"@tiptap/extension-paragraph@^2.0.0-beta.26":
  version "2.0.0-beta.26"
  resolved "https://registry.yarnpkg.com/@tiptap/extension-paragraph/-/extension-paragraph-2.0.0-beta.26.tgz#5199c8cedb9c076347a2e15cc67442ef7c3c3fbb"
  integrity sha512-WcYsuUa7LLfk0vi7I1dVjdMRu53B52FMMqd+UL1qPdDKVkU3DBsZVwPj+yyfQyqN8Mc/xyg9VacGaiKFLmWNDg==

"@tiptap/extension-placeholder@^2.0.0-beta.48":
  version "2.0.0-beta.52"
  resolved "https://registry.yarnpkg.com/@tiptap/extension-placeholder/-/extension-placeholder-2.0.0-beta.52.tgz#8561217949d89e3116ee4ff52c12b2181ba32b0b"
  integrity sha512-lxiDfYsxL1g8kR8/6HUQOzsaBGQLM/lZyZmjODoO3BH4UXsTorMxrJma9OIRAf/Pxc84u1NMqenOXqEut0pbpA==
  dependencies:
    prosemirror-model "^1.17.0"
    prosemirror-state "^1.4.0"
    prosemirror-view "^1.25.0"

"@tiptap/extension-strike@^2.0.0-beta.29":
  version "2.0.0-beta.29"
  resolved "https://registry.yarnpkg.com/@tiptap/extension-strike/-/extension-strike-2.0.0-beta.29.tgz#7004d0c5d126b0517fa78efc5a333a4b8e3334bf"
  integrity sha512-zqFuY7GfNmZ/KClt6kxQ+msGo3syqucP/Xnlihxi+/h/G+oTvEwyOIXCtDOltvxcsWH/TUsdr5vzLp0j+Mdc6Q==

"@tiptap/extension-table-cell@^2.0.0-beta.20":
  version "2.0.0-beta.23"
  resolved "https://registry.yarnpkg.com/@tiptap/extension-table-cell/-/extension-table-cell-2.0.0-beta.23.tgz#a460318be151434ac31daffe94c2c4e53f2ea229"
  integrity sha512-LTvmAXkbwpLlGhwvVJabOKJbrWZYRp+0DizJaFtBXLSAHqzW9FQjuUhkTokeDRSc+PHMOb0tE1Kz6CRd8onIkA==

"@tiptap/extension-table-header@^2.0.0-beta.22":
  version "2.0.0-beta.25"
  resolved "https://registry.yarnpkg.com/@tiptap/extension-table-header/-/extension-table-header-2.0.0-beta.25.tgz#65e16d2a12973c60b837de100a5ac88be1da7372"
  integrity sha512-MO9Fa4Ng2sSBAov8cBJR3CxUBSaQQhNY6Dq2h3JINWUs03GPN3iihiVtD5N+0SFs8O4xJ5B8Cifkvd72lSqI3w==

"@tiptap/extension-table-row@^2.0.0-beta.19":
  version "2.0.0-beta.22"
  resolved "https://registry.yarnpkg.com/@tiptap/extension-table-row/-/extension-table-row-2.0.0-beta.22.tgz#a113ca3cde46af1fe7ecc4c229770726aedfd342"
  integrity sha512-o47oQn3Sv27iIinBf1s1nHoiFLdujNtSkfHhUgUz8zeyXRT2PtKmwSSEglB3c5jGAmt1CLfU8QJrmrV38CwFYw==

"@tiptap/extension-table@^2.0.0-beta.48":
  version "2.0.0-beta.53"
  resolved "https://registry.yarnpkg.com/@tiptap/extension-table/-/extension-table-2.0.0-beta.53.tgz#1a50527cc8bb85044e9db78b5fb2a36eafd11b3f"
  integrity sha512-nG5OMCsGP6+v0FSJSquiOjtjaI+II6y1P5z67914fLkHYGNDltHhn6V0BLCluR9+00o3tv+xMpcJvANGyAtAbg==
  dependencies:
    prosemirror-model "^1.17.0"
    prosemirror-state "^1.4.0"
    prosemirror-tables-contently "^1.1.2"
    prosemirror-view "^1.25.0"

"@tiptap/extension-text@^2.0.0-beta.17":
  version "2.0.0-beta.17"
  resolved "https://registry.yarnpkg.com/@tiptap/extension-text/-/extension-text-2.0.0-beta.17.tgz#4fdd1bdf62c82c1af6feef91c689906a8f5b171e"
  integrity sha512-OyKL+pqWJEtjyd9/mrsuY1kZh2b3LWpOQDWKtd4aWR4EA0efmQG+7FPwcIeAVEh7ZoqM+/ABCnPjN6IjzIrSfg==

"@tiptap/extension-underline@^2.0.0-beta.23":
  version "2.0.0-beta.25"
  resolved "https://registry.yarnpkg.com/@tiptap/extension-underline/-/extension-underline-2.0.0-beta.25.tgz#b1580b2337a6ba7add5737e886bd88c8655241f2"
  integrity sha512-kRDdb/mF6QWzFGV3cQuLh6xyXULXaKPL/TghefoOZhwkdIWV/M3zFar5tsZO54+tbIrzxoVP6t7mO2Y5G/SLDQ==

"@tiptap/starter-kit@^2.0.0-beta.183":
  version "2.0.0-beta.189"
  resolved "https://registry.yarnpkg.com/@tiptap/starter-kit/-/starter-kit-2.0.0-beta.189.tgz#b4addd043b01d82094acfaa84f3c638d03253906"
  integrity sha512-JivGwTZnqwC9jA98lNP9Y4CElItMSZipjvYsWCmEOhvJaQVc32WQPYGOuy8e+qefgMHt6Igh2cswNE6bhG757Q==
  dependencies:
    "@tiptap/core" "^2.0.0-beta.180"
    "@tiptap/extension-blockquote" "^2.0.0-beta.29"
    "@tiptap/extension-bold" "^2.0.0-beta.28"
    "@tiptap/extension-bullet-list" "^2.0.0-beta.29"
    "@tiptap/extension-code" "^2.0.0-beta.28"
    "@tiptap/extension-code-block" "^2.0.0-beta.41"
    "@tiptap/extension-document" "^2.0.0-beta.17"
    "@tiptap/extension-dropcursor" "^2.0.0-beta.28"
    "@tiptap/extension-gapcursor" "^2.0.0-beta.38"
    "@tiptap/extension-hard-break" "^2.0.0-beta.33"
    "@tiptap/extension-heading" "^2.0.0-beta.29"
    "@tiptap/extension-history" "^2.0.0-beta.25"
    "@tiptap/extension-horizontal-rule" "^2.0.0-beta.35"
    "@tiptap/extension-italic" "^2.0.0-beta.28"
    "@tiptap/extension-list-item" "^2.0.0-beta.23"
    "@tiptap/extension-ordered-list" "^2.0.0-beta.30"
    "@tiptap/extension-paragraph" "^2.0.0-beta.26"
    "@tiptap/extension-strike" "^2.0.0-beta.29"
    "@tiptap/extension-text" "^2.0.0-beta.17"

"@tiptap/suggestion@^2.0.0-beta.96":
  version "2.0.0-beta.96"
  resolved "https://registry.yarnpkg.com/@tiptap/suggestion/-/suggestion-2.0.0-beta.96.tgz#ab6f9e3d776950ed2e030f738cf239217d85fc80"
  integrity sha512-nO8xLeMdL3i38SOBbohN7GzNpXcZN9SWjJs4+VxzKLv8E/k5ib+XtiX7ZETfsIfqDYAyCeut23tHARX5f0xxyQ==
  dependencies:
    prosemirror-model "^1.17.0"
    prosemirror-state "^1.4.0"
    prosemirror-view "^1.25.0"

"@types/lowlight@^0.0.3":
  version "0.0.3"
  resolved "https://registry.yarnpkg.com/@types/lowlight/-/lowlight-0.0.3.tgz#433b03dd63894dde17860063f4c90a688431194b"
  integrity sha512-R83q/yPX2nIlo9D3WtSjyUDd57t8s+GVLaL8YIv3k7zMMWpYpOXqjJgrWp80qXUJB/a1t76nTyBpxrv0JNYaEg==

"bali-view-components@https://github.com/Grupo-AFAL/bali-view-components.git":
  version "0.38.0"
  resolved "https://github.com/Grupo-AFAL/bali-view-components.git#1c99811c937d760605b558c0fc8059835893aa73"
  dependencies:
    "@glidejs/glide" "^3.5.2"
    "@hotwired/stimulus" "^3.0.1"
    "@popperjs/core" "^2.11.5"
    "@rails/request.js" "^0.0.6"
    chart.js "^3.8.0"
    date-fns "^2.29.1"
    flatpickr "^4.6.13"
    lodash.debounce "^4.0.8"
    lodash.throttle "^4.1.1"
    slim-select "^1.27.1"
    sortablejs "^1.15.0"
    tippy.js "^6.3.7"

chart.js@^3.8.0:
  version "3.9.1"
  resolved "https://registry.yarnpkg.com/chart.js/-/chart.js-3.9.1.tgz#3abf2c775169c4c71217a107163ac708515924b8"
  integrity sha512-Ro2JbLmvg83gXF5F4sniaQ+lTbSv18E+TIf2cOeiH1Iqd2PGFOtem+DUufMZsCJwFE7ywPOpfXFBwRTGq7dh6w==

date-fns@^2.29.1:
  version "2.29.1"
  resolved "https://registry.yarnpkg.com/date-fns/-/date-fns-2.29.1.tgz#9667c2615525e552b5135a3116b95b1961456e60"
  integrity sha512-dlLD5rKaKxpFdnjrs+5azHDFOPEu4ANy/LTh04A1DTzMM7qoajmKCBc8pkKRFT41CNzw+4gQh79X5C+Jq27HAw==

esbuild-android-64@0.14.47:
  version "0.14.47"
  resolved "https://registry.yarnpkg.com/esbuild-android-64/-/esbuild-android-64-0.14.47.tgz#ef95b42c67bcf4268c869153fa3ad1466c4cea6b"
  integrity sha512-R13Bd9+tqLVFndncMHssZrPWe6/0Kpv2/dt4aA69soX4PRxlzsVpCvoJeFE8sOEoeVEiBkI0myjlkDodXlHa0g==

esbuild-android-arm64@0.14.47:
  version "0.14.47"
  resolved "https://registry.yarnpkg.com/esbuild-android-arm64/-/esbuild-android-arm64-0.14.47.tgz#4ebd7ce9fb250b4695faa3ee46fd3b0754ecd9e6"
  integrity sha512-OkwOjj7ts4lBp/TL6hdd8HftIzOy/pdtbrNA4+0oVWgGG64HrdVzAF5gxtJufAPOsEjkyh1oIYvKAUinKKQRSQ==

esbuild-darwin-64@0.14.47:
  version "0.14.47"
  resolved "https://registry.yarnpkg.com/esbuild-darwin-64/-/esbuild-darwin-64-0.14.47.tgz#e0da6c244f497192f951807f003f6a423ed23188"
  integrity sha512-R6oaW0y5/u6Eccti/TS6c/2c1xYTb1izwK3gajJwi4vIfNs1s8B1dQzI1UiC9T61YovOQVuePDcfqHLT3mUZJA==

esbuild-darwin-arm64@0.14.47:
  version "0.14.47"
  resolved "https://registry.yarnpkg.com/esbuild-darwin-arm64/-/esbuild-darwin-arm64-0.14.47.tgz#cd40fd49a672fca581ed202834239dfe540a9028"
  integrity sha512-seCmearlQyvdvM/noz1L9+qblC5vcBrhUaOoLEDDoLInF/VQ9IkobGiLlyTPYP5dW1YD4LXhtBgOyevoIHGGnw==

esbuild-freebsd-64@0.14.47:
  version "0.14.47"
  resolved "https://registry.yarnpkg.com/esbuild-freebsd-64/-/esbuild-freebsd-64-0.14.47.tgz#8da6a14c095b29c01fc8087a16cb7906debc2d67"
  integrity sha512-ZH8K2Q8/Ux5kXXvQMDsJcxvkIwut69KVrYQhza/ptkW50DC089bCVrJZZ3sKzIoOx+YPTrmsZvqeZERjyYrlvQ==

esbuild-freebsd-arm64@0.14.47:
  version "0.14.47"
  resolved "https://registry.yarnpkg.com/esbuild-freebsd-arm64/-/esbuild-freebsd-arm64-0.14.47.tgz#ad31f9c92817ff8f33fd253af7ab5122dc1b83f6"
  integrity sha512-ZJMQAJQsIOhn3XTm7MPQfCzEu5b9STNC+s90zMWe2afy9EwnHV7Ov7ohEMv2lyWlc2pjqLW8QJnz2r0KZmeAEQ==

esbuild-linux-32@0.14.47:
  version "0.14.47"
  resolved "https://registry.yarnpkg.com/esbuild-linux-32/-/esbuild-linux-32-0.14.47.tgz#de085e4db2e692ea30c71208ccc23fdcf5196c58"
  integrity sha512-FxZOCKoEDPRYvq300lsWCTv1kcHgiiZfNrPtEhFAiqD7QZaXrad8LxyJ8fXGcWzIFzRiYZVtB3ttvITBvAFhKw==

esbuild-linux-64@0.14.47:
  version "0.14.47"
  resolved "https://registry.yarnpkg.com/esbuild-linux-64/-/esbuild-linux-64-0.14.47.tgz#2a9321bbccb01f01b04cebfcfccbabeba3658ba1"
  integrity sha512-nFNOk9vWVfvWYF9YNYksZptgQAdstnDCMtR6m42l5Wfugbzu11VpMCY9XrD4yFxvPo9zmzcoUL/88y0lfJZJJw==

esbuild-linux-arm64@0.14.47:
  version "0.14.47"
  resolved "https://registry.yarnpkg.com/esbuild-linux-arm64/-/esbuild-linux-arm64-0.14.47.tgz#b9da7b6fc4b0ca7a13363a0c5b7bb927e4bc535a"
  integrity sha512-ywfme6HVrhWcevzmsufjd4iT3PxTfCX9HOdxA7Hd+/ZM23Y9nXeb+vG6AyA6jgq/JovkcqRHcL9XwRNpWG6XRw==

esbuild-linux-arm@0.14.47:
  version "0.14.47"
  resolved "https://registry.yarnpkg.com/esbuild-linux-arm/-/esbuild-linux-arm-0.14.47.tgz#56fec2a09b9561c337059d4af53625142aded853"
  integrity sha512-ZGE1Bqg/gPRXrBpgpvH81tQHpiaGxa8c9Rx/XOylkIl2ypLuOcawXEAo8ls+5DFCcRGt/o3sV+PzpAFZobOsmA==

esbuild-linux-mips64le@0.14.47:
  version "0.14.47"
  resolved "https://registry.yarnpkg.com/esbuild-linux-mips64le/-/esbuild-linux-mips64le-0.14.47.tgz#9db21561f8f22ed79ef2aedb7bbef082b46cf823"
  integrity sha512-mg3D8YndZ1LvUiEdDYR3OsmeyAew4MA/dvaEJxvyygahWmpv1SlEEnhEZlhPokjsUMfRagzsEF/d/2XF+kTQGg==

esbuild-linux-ppc64le@0.14.47:
  version "0.14.47"
  resolved "https://registry.yarnpkg.com/esbuild-linux-ppc64le/-/esbuild-linux-ppc64le-0.14.47.tgz#dc3a3da321222b11e96e50efafec9d2de408198b"
  integrity sha512-WER+f3+szmnZiWoK6AsrTKGoJoErG2LlauSmk73LEZFQ/iWC+KhhDsOkn1xBUpzXWsxN9THmQFltLoaFEH8F8w==

esbuild-linux-riscv64@0.14.47:
  version "0.14.47"
  resolved "https://registry.yarnpkg.com/esbuild-linux-riscv64/-/esbuild-linux-riscv64-0.14.47.tgz#9bd6dcd3dca6c0357084ecd06e1d2d4bf105335f"
  integrity sha512-1fI6bP3A3rvI9BsaaXbMoaOjLE3lVkJtLxsgLHqlBhLlBVY7UqffWBvkrX/9zfPhhVMd9ZRFiaqXnB1T7BsL2g==

esbuild-linux-s390x@0.14.47:
  version "0.14.47"
  resolved "https://registry.yarnpkg.com/esbuild-linux-s390x/-/esbuild-linux-s390x-0.14.47.tgz#a458af939b52f2cd32fc561410d441a51f69d41f"
  integrity sha512-eZrWzy0xFAhki1CWRGnhsHVz7IlSKX6yT2tj2Eg8lhAwlRE5E96Hsb0M1mPSE1dHGpt1QVwwVivXIAacF/G6mw==

esbuild-netbsd-64@0.14.47:
  version "0.14.47"
  resolved "https://registry.yarnpkg.com/esbuild-netbsd-64/-/esbuild-netbsd-64-0.14.47.tgz#6388e785d7e7e4420cb01348d7483ab511b16aa8"
  integrity sha512-Qjdjr+KQQVH5Q2Q1r6HBYswFTToPpss3gqCiSw2Fpq/ua8+eXSQyAMG+UvULPqXceOwpnPo4smyZyHdlkcPppQ==

esbuild-openbsd-64@0.14.47:
  version "0.14.47"
  resolved "https://registry.yarnpkg.com/esbuild-openbsd-64/-/esbuild-openbsd-64-0.14.47.tgz#309af806db561aa886c445344d1aacab850dbdc5"
  integrity sha512-QpgN8ofL7B9z8g5zZqJE+eFvD1LehRlxr25PBkjyyasakm4599iroUpaj96rdqRlO2ShuyqwJdr+oNqWwTUmQw==

esbuild-sunos-64@0.14.47:
  version "0.14.47"
  resolved "https://registry.yarnpkg.com/esbuild-sunos-64/-/esbuild-sunos-64-0.14.47.tgz#3f19612dcdb89ba6c65283a7ff6e16f8afbf8aaa"
  integrity sha512-uOeSgLUwukLioAJOiGYm3kNl+1wJjgJA8R671GYgcPgCx7QR73zfvYqXFFcIO93/nBdIbt5hd8RItqbbf3HtAQ==

esbuild-windows-32@0.14.47:
  version "0.14.47"
  resolved "https://registry.yarnpkg.com/esbuild-windows-32/-/esbuild-windows-32-0.14.47.tgz#a92d279c8458d5dc319abcfeb30aa49e8f2e6f7f"
  integrity sha512-H0fWsLTp2WBfKLBgwYT4OTfFly4Im/8B5f3ojDv1Kx//kiubVY0IQunP2Koc/fr/0wI7hj3IiBDbSrmKlrNgLQ==

esbuild-windows-64@0.14.47:
  version "0.14.47"
  resolved "https://registry.yarnpkg.com/esbuild-windows-64/-/esbuild-windows-64-0.14.47.tgz#2564c3fcf0c23d701edb71af8c52d3be4cec5f8a"
  integrity sha512-/Pk5jIEH34T68r8PweKRi77W49KwanZ8X6lr3vDAtOlH5EumPE4pBHqkCUdELanvsT14yMXLQ/C/8XPi1pAtkQ==

esbuild-windows-arm64@0.14.47:
  version "0.14.47"
  resolved "https://registry.yarnpkg.com/esbuild-windows-arm64/-/esbuild-windows-arm64-0.14.47.tgz#86d9db1a22d83360f726ac5fba41c2f625db6878"
  integrity sha512-HFSW2lnp62fl86/qPQlqw6asIwCnEsEoNIL1h2uVMgakddf+vUuMcCbtUY1i8sst7KkgHrVKCJQB33YhhOweCQ==

esbuild@^0.14.28:
  version "0.14.47"
  resolved "https://registry.yarnpkg.com/esbuild/-/esbuild-0.14.47.tgz#0d6415f6bd8eb9e73a58f7f9ae04c5276cda0e4d"
  integrity sha512-wI4ZiIfFxpkuxB8ju4MHrGwGLyp1+awEHAHVpx6w7a+1pmYIq8T9FGEVVwFo0iFierDoMj++Xq69GXWYn2EiwA==
  optionalDependencies:
    esbuild-android-64 "0.14.47"
    esbuild-android-arm64 "0.14.47"
    esbuild-darwin-64 "0.14.47"
    esbuild-darwin-arm64 "0.14.47"
    esbuild-freebsd-64 "0.14.47"
    esbuild-freebsd-arm64 "0.14.47"
    esbuild-linux-32 "0.14.47"
    esbuild-linux-64 "0.14.47"
    esbuild-linux-arm "0.14.47"
    esbuild-linux-arm64 "0.14.47"
    esbuild-linux-mips64le "0.14.47"
    esbuild-linux-ppc64le "0.14.47"
    esbuild-linux-riscv64 "0.14.47"
    esbuild-linux-s390x "0.14.47"
    esbuild-netbsd-64 "0.14.47"
    esbuild-openbsd-64 "0.14.47"
    esbuild-sunos-64 "0.14.47"
    esbuild-windows-32 "0.14.47"
    esbuild-windows-64 "0.14.47"
    esbuild-windows-arm64 "0.14.47"

fault@^1.0.0:
  version "1.0.4"
  resolved "https://registry.yarnpkg.com/fault/-/fault-1.0.4.tgz#eafcfc0a6d214fc94601e170df29954a4f842f13"
  integrity sha512-CJ0HCB5tL5fYTEA7ToAq5+kTwd++Borf1/bifxd9iT70QcXr4MRrO3Llf8Ifs70q+SJcGHFtnIE/Nw6giCtECA==
  dependencies:
    format "^0.2.0"

flatpickr@^4.6.13:
  version "4.6.13"
  resolved "https://registry.yarnpkg.com/flatpickr/-/flatpickr-4.6.13.tgz#8a029548187fd6e0d670908471e43abe9ad18d94"
  integrity sha512-97PMG/aywoYpB4IvbvUJi0RQi8vearvU0oov1WW3k0WZPBMrTQVqekSX5CjSG/M4Q3i6A/0FKXC7RyAoAUUSPw==

format@^0.2.0:
  version "0.2.2"
  resolved "https://registry.yarnpkg.com/format/-/format-0.2.2.tgz#d6170107e9efdc4ed30c9dc39016df942b5cb58b"
  integrity sha512-wzsgA6WOq+09wrU1tsJ09udeR/YZRaeArL9e1wPbFg3GG2yDnC2ldKpxs4xunpFF9DgqCqOIra3bc1HWrJ37Ww==

highlight.js@~10.7.0:
  version "10.7.3"
  resolved "https://registry.yarnpkg.com/highlight.js/-/highlight.js-10.7.3.tgz#697272e3991356e40c3cac566a74eef681756531"
  integrity sha512-tzcUFauisWKNHaRkN4Wjl/ZA07gENAjFl3J/c480dprkGTg5EQstgaNFqBfUqCq54kZRIEcreTsAgF/m2quD7A==

linkifyjs@^3.0.5:
  version "3.0.5"
  resolved "https://registry.yarnpkg.com/linkifyjs/-/linkifyjs-3.0.5.tgz#99e51a3a0c0e232fcb63ebb89eea3ff923378f34"
  integrity sha512-1Y9XQH65eQKA9p2xtk+zxvnTeQBG7rdAXSkUG97DmuI/Xhji9uaUzaWxRj6rf9YC0v8KKHkxav7tnLX82Sz5Fg==

lodash.debounce@^4.0.8:
  version "4.0.8"
  resolved "https://registry.yarnpkg.com/lodash.debounce/-/lodash.debounce-4.0.8.tgz#82d79bff30a67c4005ffd5e2515300ad9ca4d7af"
  integrity sha512-FT1yDzDYEoYWhnSGnpE/4Kj1fLZkDFyqRb7fNt6FdYOSxlUWAtp42Eh6Wb0rGIv/m9Bgo7x4GhQbm5Ys4SG5ow==

lodash.throttle@^4.1.1:
  version "4.1.1"
  resolved "https://registry.yarnpkg.com/lodash.throttle/-/lodash.throttle-4.1.1.tgz#c23e91b710242ac70c37f1e1cda9274cc39bf2f4"
  integrity sha512-wIkUCfVKpVsWo3JSZlc+8MB5it+2AN5W8J7YVMST30UrvcQNZ1Okbj+rbVniijTWE6FGYy4XJq/rHkas8qJMLQ==

lowlight@^1.20.0:
  version "1.20.0"
  resolved "https://registry.yarnpkg.com/lowlight/-/lowlight-1.20.0.tgz#ddb197d33462ad0d93bf19d17b6c301aa3941888"
  integrity sha512-8Ktj+prEb1RoCPkEOrPMYUN/nCggB7qAWe3a7OpMjWQkh3l2RD5wKRQ+o8Q8YuI9RG/xs95waaI/E6ym/7NsTw==
  dependencies:
    fault "^1.0.0"
    highlight.js "~10.7.0"

orderedmap@^2.0.0:
  version "2.0.0"
  resolved "https://registry.yarnpkg.com/orderedmap/-/orderedmap-2.0.0.tgz#12ff5ef6ea9d12d6430b80c701b35475e1c9ff34"
  integrity sha512-buf4PoAMlh45b8a8gsGy/X6w279TSqkyAS0C0wdTSJwFSU+ljQFJON5I8NfjLHoCXwpSROIo2wr0g33T+kQshQ==

prosemirror-commands@^1.3.0:
  version "1.3.0"
  resolved "https://registry.yarnpkg.com/prosemirror-commands/-/prosemirror-commands-1.3.0.tgz#361b2e2b2a347ce7453386459f97c3f549a1113b"
  integrity sha512-BwBbZ5OAScPcm0x7H8SPbqjuEJnCU2RJT9LDyOiiIl/3NbL1nJZI4SFNHwU2e/tRr2Xe7JsptpzseqvZvToLBQ==
  dependencies:
    prosemirror-model "^1.0.0"
    prosemirror-state "^1.0.0"
    prosemirror-transform "^1.0.0"

prosemirror-dropcursor@^1.5.0:
  version "1.5.0"
  resolved "https://registry.yarnpkg.com/prosemirror-dropcursor/-/prosemirror-dropcursor-1.5.0.tgz#edbc61d6f71f9f924130eec8e85b0861357957c9"
  integrity sha512-vy7i77ddKyXlu8kKBB3nlxLBnsWyKUmQIPB5x8RkYNh01QNp/qqGmdd5yZefJs0s3rtv5r7Izfu2qbtr+tYAMQ==
  dependencies:
    prosemirror-state "^1.0.0"
    prosemirror-transform "^1.1.0"
    prosemirror-view "^1.1.0"

prosemirror-gapcursor@^1.3.0:
  version "1.3.1"
  resolved "https://registry.yarnpkg.com/prosemirror-gapcursor/-/prosemirror-gapcursor-1.3.1.tgz#8cfd874592e4504d63720e14ed680c7866e64554"
  integrity sha512-GKTeE7ZoMsx5uVfc51/ouwMFPq0o8YrZ7Hx4jTF4EeGbXxBveUV8CGv46mSHuBBeXGmvu50guoV2kSnOeZZnUA==
  dependencies:
    prosemirror-keymap "^1.0.0"
    prosemirror-model "^1.0.0"
    prosemirror-state "^1.0.0"
    prosemirror-view "^1.0.0"

prosemirror-history@^1.3.0:
  version "1.3.0"
  resolved "https://registry.yarnpkg.com/prosemirror-history/-/prosemirror-history-1.3.0.tgz#bf5a1ff7759aca759ddf0c722c2fa5b14fb0ddc1"
  integrity sha512-qo/9Wn4B/Bq89/YD+eNWFbAytu6dmIM85EhID+fz9Jcl9+DfGEo8TTSrRhP15+fFEoaPqpHSxlvSzSEbmlxlUA==
  dependencies:
    prosemirror-state "^1.2.2"
    prosemirror-transform "^1.0.0"
    rope-sequence "^1.3.0"

prosemirror-keymap@^1.0.0, prosemirror-keymap@^1.1.2, prosemirror-keymap@^1.2.0:
  version "1.2.0"
  resolved "https://registry.yarnpkg.com/prosemirror-keymap/-/prosemirror-keymap-1.2.0.tgz#d5cc9da9b712020690a994b50b92a0e448a60bf5"
  integrity sha512-TdSfu+YyLDd54ufN/ZeD1VtBRYpgZnTPnnbY+4R08DDgs84KrIPEPbJL8t1Lm2dkljFx6xeBE26YWH3aIzkPKg==
  dependencies:
    prosemirror-state "^1.0.0"
    w3c-keyname "^2.2.0"

prosemirror-model@^1.0.0, prosemirror-model@^1.16.0, prosemirror-model@^1.17.0, prosemirror-model@^1.8.1:
  version "1.18.1"
  resolved "https://registry.yarnpkg.com/prosemirror-model/-/prosemirror-model-1.18.1.tgz#1d5d6b6de7b983ee67a479dc607165fdef3935bd"
  integrity sha512-IxSVBKAEMjD7s3n8cgtwMlxAXZrC7Mlag7zYsAKDndAqnDScvSmp/UdnRTV/B33lTCVU3CCm7dyAn/rVVD0mcw==
  dependencies:
    orderedmap "^2.0.0"

prosemirror-schema-list@^1.2.0:
  version "1.2.0"
  resolved "https://registry.yarnpkg.com/prosemirror-schema-list/-/prosemirror-schema-list-1.2.0.tgz#1932268593a7396c0ac168cbe31f28187406ce24"
  integrity sha512-8PT/9xOx1HHdC7fDNNfhQ50Z8Mzu7nKyA1KCDltSpcZVZIbB0k7KtsHrnXyuIhbLlScoymBiLZ00c5MH6wdFsA==
  dependencies:
    prosemirror-model "^1.0.0"
    prosemirror-state "^1.0.0"
    prosemirror-transform "^1.0.0"

prosemirror-state@^1.0.0, prosemirror-state@^1.2.2, prosemirror-state@^1.3.1, prosemirror-state@^1.4.0:
  version "1.4.0"
  resolved "https://registry.yarnpkg.com/prosemirror-state/-/prosemirror-state-1.4.0.tgz#0b0c23b38d9f5bb23d19ad043cf8453d876c0414"
  integrity sha512-mVDZdjNX/YT5FvypiwbphJe9psA5h+j9apsSszVRFc6oKFoIInvzdujh8QW9f9lwHtSYajLxNiM1hPhd0Sl1XA==
  dependencies:
    prosemirror-model "^1.0.0"
    prosemirror-transform "^1.0.0"

prosemirror-tables-contently@^1.1.2:
  version "1.1.2"
  resolved "https://registry.yarnpkg.com/prosemirror-tables-contently/-/prosemirror-tables-contently-1.1.2.tgz#59f4ababf75c0a2c9b57b1784356b6f4bd370c65"
  integrity sha512-REa13GZyVcmwUef6eFfGIZ4IIT3n+95+FEQC0mIg3F7MlwBp5q2lL5y/Pl8EcSIDDagoXp/8oW6uaYy0tWhb6A==
  dependencies:
    prosemirror-keymap "^1.1.2"
    prosemirror-model "^1.8.1"
    prosemirror-state "^1.3.1"
    prosemirror-transform "^1.2.1"
    prosemirror-view "^1.13.3"

prosemirror-transform@^1.0.0, prosemirror-transform@^1.1.0, prosemirror-transform@^1.2.1, prosemirror-transform@^1.6.0:
  version "1.6.0"
  resolved "https://registry.yarnpkg.com/prosemirror-transform/-/prosemirror-transform-1.6.0.tgz#8162dbfaf124f9253a7ab28605a9460411a96a53"
  integrity sha512-MAp7AjsjEGEqQY0sSMufNIUuEyB1ZR9Fqlm8dTwwWwpEJRv/plsKjWXBbx52q3Ml8MtaMcd7ic14zAHVB3WaMw==
  dependencies:
    prosemirror-model "^1.0.0"

prosemirror-view@^1.0.0, prosemirror-view@^1.1.0, prosemirror-view@^1.13.3, prosemirror-view@^1.25.0:
  version "1.26.1"
  resolved "https://registry.yarnpkg.com/prosemirror-view/-/prosemirror-view-1.26.1.tgz#fcb6f6e6ca8712714bf7b84bfcdd49fb4617f48b"
  integrity sha512-8MEuEFQ64zoIRSz24A97WhtSqtZynTwTsECt0kOh0TotNx/YRPKWozEmUJUmJGUYsFowZNdsI0gm1bvX1x3/9Q==
  dependencies:
    prosemirror-model "^1.16.0"
    prosemirror-state "^1.0.0"
    prosemirror-transform "^1.1.0"

rope-sequence@^1.3.0:
  version "1.3.3"
  resolved "https://registry.yarnpkg.com/rope-sequence/-/rope-sequence-1.3.3.tgz#3f67fc106288b84b71532b4a5fd9d4881e4457f0"
  integrity sha512-85aZYCxweiD5J8yTEbw+E6A27zSnLPNDL0WfPdw3YYodq7WjnTKo0q4dtyQ2gz23iPT8Q9CUyJtAaUNcTxRf5Q==

slim-select@^1.27.1:
  version "1.27.1"
  resolved "https://registry.yarnpkg.com/slim-select/-/slim-select-1.27.1.tgz#aab08c1f0428fc2c32b0376857f3da9b1fbdcb2f"
  integrity sha512-LvJ02cKKk6/jSHIcQv7dZwkQSXHLCVQR3v3lo8RJUssUUcmKPkpBmTpQ8au8KSMkxwca9+yeg+dO0iHAaVr5Aw==

sortablejs@^1.15.0:
  version "1.15.0"
  resolved "https://registry.yarnpkg.com/sortablejs/-/sortablejs-1.15.0.tgz#53230b8aa3502bb77a29e2005808ffdb4a5f7e2a"
  integrity sha512-bv9qgVMjUMf89wAvM6AxVvS/4MX3sPeN0+agqShejLU5z5GX4C75ow1O2e5k4L6XItUyAK3gH6AxSbXrOM5e8w==

tippy.js@^6.3.7:
  version "6.3.7"
  resolved "https://registry.yarnpkg.com/tippy.js/-/tippy.js-6.3.7.tgz#8ccfb651d642010ed9a32ff29b0e9e19c5b8c61c"
  integrity sha512-E1d3oP2emgJ9dRQZdf3Kkn0qJgI6ZLpyS5z6ZkY1DF3kaQaBsGZsndEpHwx+eC+tYM41HaSNvNtLx8tU57FzTQ==
  dependencies:
    "@popperjs/core" "^2.9.0"

w3c-keyname@^2.2.0:
  version "2.2.4"
  resolved "https://registry.yarnpkg.com/w3c-keyname/-/w3c-keyname-2.2.4.tgz#4ade6916f6290224cdbd1db8ac49eab03d0eef6b"
  integrity sha512-tOhfEwEzFLJzf6d1ZPkYfGj+FWhIpBux9ppoP3rlclw3Z0BZv3N7b7030Z1kYth+6rDuAsXUFr+d0VE6Ed1ikw==
