# THIS IS AN AUTOGENERATED FILE. DO NOT EDIT THIS FILE DIRECTLY.
# yarn lockfile v1


"@esbuild/aix-ppc64@0.20.2":
  version "0.20.2"
  resolved "https://registry.yarnpkg.com/@esbuild/aix-ppc64/-/aix-ppc64-0.20.2.tgz#a70f4ac11c6a1dfc18b8bbb13284155d933b9537"
  integrity sha512-D+EBOJHXdNZcLJRBkhENNG8Wji2kgc9AZ9KiPr1JuZjsNtyHzrsfLRrY0tk2H2aoFu6RANO1y1iPPUCDYWkb5g==

"@esbuild/android-arm64@0.20.2":
  version "0.20.2"
  resolved "https://registry.yarnpkg.com/@esbuild/android-arm64/-/android-arm64-0.20.2.tgz#db1c9202a5bc92ea04c7b6840f1bbe09ebf9e6b9"
  integrity sha512-mRzjLacRtl/tWU0SvD8lUEwb61yP9cqQo6noDZP/O8VkwafSYwZ4yWy24kan8jE/IMERpYncRt2dw438LP3Xmg==

"@esbuild/android-arm@0.20.2":
  version "0.20.2"
  resolved "https://registry.yarnpkg.com/@esbuild/android-arm/-/android-arm-0.20.2.tgz#3b488c49aee9d491c2c8f98a909b785870d6e995"
  integrity sha512-t98Ra6pw2VaDhqNWO2Oph2LXbz/EJcnLmKLGBJwEwXX/JAN83Fym1rU8l0JUWK6HkIbWONCSSatf4sf2NBRx/w==

"@esbuild/android-x64@0.20.2":
  version "0.20.2"
  resolved "https://registry.yarnpkg.com/@esbuild/android-x64/-/android-x64-0.20.2.tgz#3b1628029e5576249d2b2d766696e50768449f98"
  integrity sha512-btzExgV+/lMGDDa194CcUQm53ncxzeBrWJcncOBxuC6ndBkKxnHdFJn86mCIgTELsooUmwUm9FkhSp5HYu00Rg==

"@esbuild/darwin-arm64@0.20.2":
  version "0.20.2"
  resolved "https://registry.yarnpkg.com/@esbuild/darwin-arm64/-/darwin-arm64-0.20.2.tgz#6e8517a045ddd86ae30c6608c8475ebc0c4000bb"
  integrity sha512-4J6IRT+10J3aJH3l1yzEg9y3wkTDgDk7TSDFX+wKFiWjqWp/iCfLIYzGyasx9l0SAFPT1HwSCR+0w/h1ES/MjA==

"@esbuild/darwin-x64@0.20.2":
  version "0.20.2"
  resolved "https://registry.yarnpkg.com/@esbuild/darwin-x64/-/darwin-x64-0.20.2.tgz#90ed098e1f9dd8a9381695b207e1cff45540a0d0"
  integrity sha512-tBcXp9KNphnNH0dfhv8KYkZhjc+H3XBkF5DKtswJblV7KlT9EI2+jeA8DgBjp908WEuYll6pF+UStUCfEpdysA==

"@esbuild/freebsd-arm64@0.20.2":
  version "0.20.2"
  resolved "https://registry.yarnpkg.com/@esbuild/freebsd-arm64/-/freebsd-arm64-0.20.2.tgz#d71502d1ee89a1130327e890364666c760a2a911"
  integrity sha512-d3qI41G4SuLiCGCFGUrKsSeTXyWG6yem1KcGZVS+3FYlYhtNoNgYrWcvkOoaqMhwXSMrZRl69ArHsGJ9mYdbbw==

"@esbuild/freebsd-x64@0.20.2":
  version "0.20.2"
  resolved "https://registry.yarnpkg.com/@esbuild/freebsd-x64/-/freebsd-x64-0.20.2.tgz#aa5ea58d9c1dd9af688b8b6f63ef0d3d60cea53c"
  integrity sha512-d+DipyvHRuqEeM5zDivKV1KuXn9WeRX6vqSqIDgwIfPQtwMP4jaDsQsDncjTDDsExT4lR/91OLjRo8bmC1e+Cw==

"@esbuild/linux-arm64@0.20.2":
  version "0.20.2"
  resolved "https://registry.yarnpkg.com/@esbuild/linux-arm64/-/linux-arm64-0.20.2.tgz#055b63725df678379b0f6db9d0fa85463755b2e5"
  integrity sha512-9pb6rBjGvTFNira2FLIWqDk/uaf42sSyLE8j1rnUpuzsODBq7FvpwHYZxQ/It/8b+QOS1RYfqgGFNLRI+qlq2A==

"@esbuild/linux-arm@0.20.2":
  version "0.20.2"
  resolved "https://registry.yarnpkg.com/@esbuild/linux-arm/-/linux-arm-0.20.2.tgz#76b3b98cb1f87936fbc37f073efabad49dcd889c"
  integrity sha512-VhLPeR8HTMPccbuWWcEUD1Az68TqaTYyj6nfE4QByZIQEQVWBB8vup8PpR7y1QHL3CpcF6xd5WVBU/+SBEvGTg==

"@esbuild/linux-ia32@0.20.2":
  version "0.20.2"
  resolved "https://registry.yarnpkg.com/@esbuild/linux-ia32/-/linux-ia32-0.20.2.tgz#c0e5e787c285264e5dfc7a79f04b8b4eefdad7fa"
  integrity sha512-o10utieEkNPFDZFQm9CoP7Tvb33UutoJqg3qKf1PWVeeJhJw0Q347PxMvBgVVFgouYLGIhFYG0UGdBumROyiig==

"@esbuild/linux-loong64@0.20.2":
  version "0.20.2"
  resolved "https://registry.yarnpkg.com/@esbuild/linux-loong64/-/linux-loong64-0.20.2.tgz#a6184e62bd7cdc63e0c0448b83801001653219c5"
  integrity sha512-PR7sp6R/UC4CFVomVINKJ80pMFlfDfMQMYynX7t1tNTeivQ6XdX5r2XovMmha/VjR1YN/HgHWsVcTRIMkymrgQ==

"@esbuild/linux-mips64el@0.20.2":
  version "0.20.2"
  resolved "https://registry.yarnpkg.com/@esbuild/linux-mips64el/-/linux-mips64el-0.20.2.tgz#d08e39ce86f45ef8fc88549d29c62b8acf5649aa"
  integrity sha512-4BlTqeutE/KnOiTG5Y6Sb/Hw6hsBOZapOVF6njAESHInhlQAghVVZL1ZpIctBOoTFbQyGW+LsVYZ8lSSB3wkjA==

"@esbuild/linux-ppc64@0.20.2":
  version "0.20.2"
  resolved "https://registry.yarnpkg.com/@esbuild/linux-ppc64/-/linux-ppc64-0.20.2.tgz#8d252f0b7756ffd6d1cbde5ea67ff8fd20437f20"
  integrity sha512-rD3KsaDprDcfajSKdn25ooz5J5/fWBylaaXkuotBDGnMnDP1Uv5DLAN/45qfnf3JDYyJv/ytGHQaziHUdyzaAg==

"@esbuild/linux-riscv64@0.20.2":
  version "0.20.2"
  resolved "https://registry.yarnpkg.com/@esbuild/linux-riscv64/-/linux-riscv64-0.20.2.tgz#19f6dcdb14409dae607f66ca1181dd4e9db81300"
  integrity sha512-snwmBKacKmwTMmhLlz/3aH1Q9T8v45bKYGE3j26TsaOVtjIag4wLfWSiZykXzXuE1kbCE+zJRmwp+ZbIHinnVg==

"@esbuild/linux-s390x@0.20.2":
  version "0.20.2"
  resolved "https://registry.yarnpkg.com/@esbuild/linux-s390x/-/linux-s390x-0.20.2.tgz#3c830c90f1a5d7dd1473d5595ea4ebb920988685"
  integrity sha512-wcWISOobRWNm3cezm5HOZcYz1sKoHLd8VL1dl309DiixxVFoFe/o8HnwuIwn6sXre88Nwj+VwZUvJf4AFxkyrQ==

"@esbuild/linux-x64@0.20.2":
  version "0.20.2"
  resolved "https://registry.yarnpkg.com/@esbuild/linux-x64/-/linux-x64-0.20.2.tgz#86eca35203afc0d9de0694c64ec0ab0a378f6fff"
  integrity sha512-1MdwI6OOTsfQfek8sLwgyjOXAu+wKhLEoaOLTjbijk6E2WONYpH9ZU2mNtR+lZ2B4uwr+usqGuVfFT9tMtGvGw==

"@esbuild/netbsd-x64@0.20.2":
  version "0.20.2"
  resolved "https://registry.yarnpkg.com/@esbuild/netbsd-x64/-/netbsd-x64-0.20.2.tgz#e771c8eb0e0f6e1877ffd4220036b98aed5915e6"
  integrity sha512-K8/DhBxcVQkzYc43yJXDSyjlFeHQJBiowJ0uVL6Tor3jGQfSGHNNJcWxNbOI8v5k82prYqzPuwkzHt3J1T1iZQ==

"@esbuild/openbsd-x64@0.20.2":
  version "0.20.2"
  resolved "https://registry.yarnpkg.com/@esbuild/openbsd-x64/-/openbsd-x64-0.20.2.tgz#9a795ae4b4e37e674f0f4d716f3e226dd7c39baf"
  integrity sha512-eMpKlV0SThJmmJgiVyN9jTPJ2VBPquf6Kt/nAoo6DgHAoN57K15ZghiHaMvqjCye/uU4X5u3YSMgVBI1h3vKrQ==

"@esbuild/sunos-x64@0.20.2":
  version "0.20.2"
  resolved "https://registry.yarnpkg.com/@esbuild/sunos-x64/-/sunos-x64-0.20.2.tgz#7df23b61a497b8ac189def6e25a95673caedb03f"
  integrity sha512-2UyFtRC6cXLyejf/YEld4Hajo7UHILetzE1vsRcGL3earZEW77JxrFjH4Ez2qaTiEfMgAXxfAZCm1fvM/G/o8w==

"@esbuild/win32-arm64@0.20.2":
  version "0.20.2"
  resolved "https://registry.yarnpkg.com/@esbuild/win32-arm64/-/win32-arm64-0.20.2.tgz#f1ae5abf9ca052ae11c1bc806fb4c0f519bacf90"
  integrity sha512-GRibxoawM9ZCnDxnP3usoUDO9vUkpAxIIZ6GQI+IlVmr5kP3zUq+l17xELTHMWTWzjxa2guPNyrpq1GWmPvcGQ==

"@esbuild/win32-ia32@0.20.2":
  version "0.20.2"
  resolved "https://registry.yarnpkg.com/@esbuild/win32-ia32/-/win32-ia32-0.20.2.tgz#241fe62c34d8e8461cd708277813e1d0ba55ce23"
  integrity sha512-HfLOfn9YWmkSKRQqovpnITazdtquEW8/SoHW7pWpuEeguaZI4QnCRW6b+oZTztdBnZOS2hqJ6im/D5cPzBTTlQ==

"@esbuild/win32-x64@0.20.2":
  version "0.20.2"
  resolved "https://registry.yarnpkg.com/@esbuild/win32-x64/-/win32-x64-0.20.2.tgz#9c907b21e30a52db959ba4f80bb01a0cc403d5cc"
  integrity sha512-N49X4lJX27+l9jbLKSqZ6bKNjzQvHaT8IIFUy+YIqmXQdjYCToGWwOItDrfby14c78aDd5NHQl29xingXfCdLQ==

"@glidejs/glide@^3.6.0":
  version "3.6.0"
  resolved "https://registry.yarnpkg.com/@glidejs/glide/-/glide-3.6.0.tgz#d13fd57de8473a2d86022ac601b5cbc98c9dcfe5"
  integrity sha512-47Aa+JmYjY4xTFpTtYCwrqirmI1arnp1UZETwtWpbTPisXUAuxrdJxKJLH8KHFWMsSrLi9+AcfyfzDIuO75rEA==

"@googlemaps/markerclusterer@^2.3.2":
  version "2.5.3"
  resolved "https://registry.yarnpkg.com/@googlemaps/markerclusterer/-/markerclusterer-2.5.3.tgz#9f891ce7e8e161775f3a3e2c9f66956810284591"
  integrity sha512-x7lX0R5yYOoiNectr10wLgCBasNcXFHiADIBdmn7jQllF2B5ENQw5XtZK+hIw4xnV0Df0xhN4LN98XqA5jaiOw==
  dependencies:
    fast-deep-equal "^3.1.3"
    supercluster "^8.0.1"

"@hotwired/stimulus@^3.1.0", "@hotwired/stimulus@^3.2.2":
  version "3.2.2"
  resolved "https://registry.yarnpkg.com/@hotwired/stimulus/-/stimulus-3.2.2.tgz#071aab59c600fed95b97939e605ff261a4251608"
  integrity sha512-eGeIqNOQpXoPAIP7tC1+1Yc1yl1xnwYqg+3mzqxyrbE5pg5YFBZcA6YoTiByJB6DKAEsiWtl6tjTJS4IYtbB7A==

"@hotwired/turbo-rails@^8.0.4":
  version "8.0.4"
  resolved "https://registry.yarnpkg.com/@hotwired/turbo-rails/-/turbo-rails-8.0.4.tgz#d224f524a9e33fe687cec5d706054eb6fe13fa5b"
  integrity sha512-GHCv5+B2VzYZZvMFpg/g9JLx/8pl/8chcubSB7T+Xn1zYOMqAKB6cT80vvWUzxdwfm/2KfaRysfDz+BmvtjFaw==
  dependencies:
    "@hotwired/turbo" "^8.0.4"
    "@rails/actioncable" "^7.0"

"@hotwired/turbo@^8.0.4":
  version "8.0.4"
  resolved "https://registry.yarnpkg.com/@hotwired/turbo/-/turbo-8.0.4.tgz#5c5361c06a37cdf10dcba4223f1afd0ca1c75091"
  integrity sha512-mlZEFUZrJnpfj+g/XeCWWuokvQyN68WvM78JM+0jfSFc98wegm259vCbC1zSllcspRwbgXK31ibehCy5PA78/Q==

"@kurkle/color@^0.3.0":
  version "0.3.2"
  resolved "https://registry.yarnpkg.com/@kurkle/color/-/color-0.3.2.tgz#5acd38242e8bde4f9986e7913c8fdf49d3aa199f"
  integrity sha512-fuscdXJ9G1qb7W8VdHi+IwRqij3lBkosAm4ydQtEmbY58OzHXqQhvlxqEkoz0yssNVn38bcpRWgA9PP+OGoisw==

"@popperjs/core@^2.11.5", "@popperjs/core@^2.9.0":
  version "2.11.8"
  resolved "https://registry.yarnpkg.com/@popperjs/core/-/core-2.11.8.tgz#6b79032e760a0899cd4204710beede972a3a185f"
  integrity sha512-P1st0aksCrn9sGZhp8GMYwBnQsbvAWsZAX44oXNNvLHGqAOcoVxmjZiohstwQ7SqKnbR47akdNi+uleWD8+g6A==

"@rails/actioncable@^7.0":
  version "7.0.4"
  resolved "https://registry.yarnpkg.com/@rails/actioncable/-/actioncable-7.0.4.tgz#70a3ca56809f7aaabb80af2f9c01ae51e1a8ed41"
  integrity sha512-tz4oM+Zn9CYsvtyicsa/AwzKZKL+ITHWkhiu7x+xF77clh2b4Rm+s6xnOgY/sGDWoFWZmtKsE95hxBPkgQQNnQ==

"@rails/request.js@^0.0.9":
  version "0.0.9"
  resolved "https://registry.yarnpkg.com/@rails/request.js/-/request.js-0.0.9.tgz#89e2a575405dc07eb8a9b3d2fe04289e1f057cd0"
  integrity sha512-VleYUyrA3rwKMvYnz7MI9Ada85Vekjb/WVz7NuGgDO24Y3Zy9FFSpDMQW+ea/tlftD+CdX/W/sUosRA9/HkDOQ==

"@remirror/core-constants@^2.0.2":
  version "2.0.2"
  resolved "https://registry.yarnpkg.com/@remirror/core-constants/-/core-constants-2.0.2.tgz#f05eccdc69e3a65e7d524b52548f567904a11a1a"
  integrity sha512-dyHY+sMF0ihPus3O27ODd4+agdHMEmuRdyiZJ2CCWjPV5UFmn17ZbElvk6WOGVE4rdCJKZQCrPV2BcikOMLUGQ==

"@tiptap/core@^2.0.0-beta.202", "@tiptap/core@^2.3.0":
  version "2.3.0"
  resolved "https://registry.yarnpkg.com/@tiptap/core/-/core-2.3.0.tgz#5a0b41b63af62860dec6d6b689e2893118f76e83"
  integrity sha512-Gk2JN3i5CMkYGmsbyFI7cBUftWa+F7QYmeCLTWfbuy+hCM2OBsnYVKxhggFPGXRL5KLBEgBWeCeWMHfIw3B2MA==

"@tiptap/extension-blockquote@^2.3.0":
  version "2.3.0"
  resolved "https://registry.yarnpkg.com/@tiptap/extension-blockquote/-/extension-blockquote-2.3.0.tgz#23ce7c706df5a885999a25d9cbbbe12d78754e78"
  integrity sha512-Cztt77t7f+f0fuPy+FWUL8rKTIpcdsVT0z0zYQFFafvGaom0ZALQSOdTR/q+Kle9I4DaCMO3/Q0mwax/D4k4+A==

"@tiptap/extension-bold@^2.3.0":
  version "2.3.0"
  resolved "https://registry.yarnpkg.com/@tiptap/extension-bold/-/extension-bold-2.3.0.tgz#a499d2934bea5578e3a76e065af617caf15f7043"
  integrity sha512-SzkbJibHXFNU7TRaAebTtwbXUEhGZ8+MhlBn12aQ4QhdjNtFpQwKXQPyYeDyZGcyiOFgtFTb+WIfCGm8ZX0Fpw==

"@tiptap/extension-bubble-menu@^2.0.0-beta.202":
  version "2.3.0"
  resolved "https://registry.yarnpkg.com/@tiptap/extension-bubble-menu/-/extension-bubble-menu-2.3.0.tgz#3447dcc68aaaa76c8327cb636976164986b270c7"
  integrity sha512-dqyfQ8idTlhapvt0fxCGvkyjw92pBEwPqmkJ01h3EE8wTh53j0ytOHyMSf1KBuzardxpd8Yya3zlrAcR0Z3DlQ==
  dependencies:
    tippy.js "^6.3.7"

"@tiptap/extension-bullet-list@^2.3.0":
  version "2.3.0"
  resolved "https://registry.yarnpkg.com/@tiptap/extension-bullet-list/-/extension-bullet-list-2.3.0.tgz#14400e19b87e7e9b1cf9c6d3900e7243461abc8d"
  integrity sha512-4nU4vJ5FjRDLqHm085vYAkuo68UK84Wl6CDSjm7sPVcu0FvQX02Okqt65azoSYQeS1SSSd5qq9YZuGWcYdp4Cw==

"@tiptap/extension-code-block-lowlight@^2.0.0-beta.202":
  version "2.3.0"
  resolved "https://registry.yarnpkg.com/@tiptap/extension-code-block-lowlight/-/extension-code-block-lowlight-2.3.0.tgz#0bd1c45c2c5115d9cd964288a58f23688217f4fe"
  integrity sha512-xMxWr/Fvv0hnN+u+6SW0OI3RVan+C6nJDU8xKh2Tx2DlBXJ0yODmq5v8WJJpW38AbaLkFuJuY/OA3AZ6n9pNbg==

"@tiptap/extension-code-block@^2.0.0-beta.202", "@tiptap/extension-code-block@^2.3.0":
  version "2.3.0"
  resolved "https://registry.yarnpkg.com/@tiptap/extension-code-block/-/extension-code-block-2.3.0.tgz#9bfaaeaf6abf2452233d1da64b6c5712cab2503b"
  integrity sha512-+Ne6PRBwQt70Pp8aW2PewaEy4bHrNYn4N+y8MObsFtqLutXBz4nXnsXWiNYFQZwzlUY+CHG4XS73mx8oMOFfDw==

"@tiptap/extension-code@^2.3.0":
  version "2.3.0"
  resolved "https://registry.yarnpkg.com/@tiptap/extension-code/-/extension-code-2.3.0.tgz#19b5435c59021f11e24ac8427da4434b03596b35"
  integrity sha512-O2FZmosiIRoVbW82fZy8xW4h4gb2xAzxWzHEcsHPlwCbE3vYvcBMmbkQ5p+33eRtuRQInzl3Q/cwupv9ctIepQ==

"@tiptap/extension-color@^2.0.0-beta.202":
  version "2.3.0"
  resolved "https://registry.yarnpkg.com/@tiptap/extension-color/-/extension-color-2.3.0.tgz#982bead161a09f668cabebcba8b8ed98789f2085"
  integrity sha512-rqtdTaGawPZSRszwC/BlkJTF1diosIBBRSO5/YCRHT7CfGJNJyomL3eFREynXLKnXZ69SMceDh6yU6B54uTHXQ==

"@tiptap/extension-document@^2.3.0":
  version "2.3.0"
  resolved "https://registry.yarnpkg.com/@tiptap/extension-document/-/extension-document-2.3.0.tgz#a15e17a48f6d24f317f73a7fff79385a2524f081"
  integrity sha512-WC55SMrtlsNOnHXpzbXDzJOp7eKmZV0rXooKmvCDqoiLO/DKpyQXyF+0UHfcRPmUAi2GWFPaer7+p1H9xzcjXg==

"@tiptap/extension-dropcursor@^2.3.0":
  version "2.3.0"
  resolved "https://registry.yarnpkg.com/@tiptap/extension-dropcursor/-/extension-dropcursor-2.3.0.tgz#4220434bbf96202d7e4c366f28693fe64c3f7542"
  integrity sha512-WWxxGQPWdbzxyYP6jtBYSq4wMRhINhI0wBC8pgkxTVwCIWftMuYj++FP4LLIpuWgj78PWApuoM0QQxk4Lj7FOw==

"@tiptap/extension-gapcursor@^2.3.0":
  version "2.3.0"
  resolved "https://registry.yarnpkg.com/@tiptap/extension-gapcursor/-/extension-gapcursor-2.3.0.tgz#f7fae7086b5e49c3754ee48833e27c66686fb0cd"
  integrity sha512-OxcXcfD0uzNcXdXu2ZpXFAtXIsgK2MBHvFUs0t0gxtcL/t43pTOQBLy+29Ei30BxpwLghtX8jQ6IDzMiybq/sA==

"@tiptap/extension-hard-break@^2.3.0":
  version "2.3.0"
  resolved "https://registry.yarnpkg.com/@tiptap/extension-hard-break/-/extension-hard-break-2.3.0.tgz#01bd200b3a5f23644e796f061ef7e331b579357f"
  integrity sha512-9pXi69SzLabbjY5KZ54UKzu7HAHTla9aYZKH56VatOAiJOPKJppFbU2/NfJwGzDrEtfOiDqr3dYbUDF3RuCFoQ==

"@tiptap/extension-heading@^2.3.0":
  version "2.3.0"
  resolved "https://registry.yarnpkg.com/@tiptap/extension-heading/-/extension-heading-2.3.0.tgz#4daf92c94797fdd504e798935efd6ca2fbbd73a8"
  integrity sha512-YcZoUYfqb0nohoPgem4f8mjn5OqDomFrbJiC9VRHUOCIuEu+aJEYwp8mmdkLnS3f+LRCZ6G76cJJ50lkzSAZRw==

"@tiptap/extension-history@^2.3.0":
  version "2.3.0"
  resolved "https://registry.yarnpkg.com/@tiptap/extension-history/-/extension-history-2.3.0.tgz#4ecec273a3634704d3accbdcc571106ea575b3d0"
  integrity sha512-EF5Oq9fe/VBzU1Lsow2ubOlx1e1r4OQT1WUPGsRnL7pr94GH1Skpk7/hs9COJ9K6kP3Ebt42XjP0JEQodR58YA==

"@tiptap/extension-horizontal-rule@^2.3.0":
  version "2.3.0"
  resolved "https://registry.yarnpkg.com/@tiptap/extension-horizontal-rule/-/extension-horizontal-rule-2.3.0.tgz#e4934b32c005b1cf0f03fab5f4caff8cacbf4c7e"
  integrity sha512-4DB8GU3uuDzzyqUmONIb3CHXcQ6Nuy4mHHkFSmUyEjg1i5eMQU5H7S6mNvZbltcJB2ImgCSwSMlj1kVN3MLIPg==

"@tiptap/extension-image@^2.0.0-beta.202":
  version "2.3.0"
  resolved "https://registry.yarnpkg.com/@tiptap/extension-image/-/extension-image-2.3.0.tgz#914c4c5030fa4278f53e808c03819f7422da4497"
  integrity sha512-v1fLEEzrfXWavsLFUEkTiYYxwm1WDNrjuUriU5tG2Jv22NL1BL4BLVbZbGdkAk+qHWy8QWszrDJbcgGh2VNCoQ==

"@tiptap/extension-italic@^2.3.0":
  version "2.3.0"
  resolved "https://registry.yarnpkg.com/@tiptap/extension-italic/-/extension-italic-2.3.0.tgz#72279632a2652642abed2078a920e2e05aff030e"
  integrity sha512-jdFjLjdt5JtPlGMpoS6TEq5rznjbAYVlPwcw5VkYENVIYIGIR1ylIw2JwK1nUEsQ+OgYwVxHLejcUXWG1dCi2g==

"@tiptap/extension-link@^2.0.0-beta.202":
  version "2.3.0"
  resolved "https://registry.yarnpkg.com/@tiptap/extension-link/-/extension-link-2.3.0.tgz#37d25144a59cc71dd7b42e7c52b69e6b4ed29522"
  integrity sha512-CnJAlV0ZOdEhKmDfYKuHJVG8g79iCFQ85cX/CROTWyuMfXz9uhj2rLpZ6nfidVbonqxAhQp7NAIr2y+Fj5/53A==
  dependencies:
    linkifyjs "^4.1.0"

"@tiptap/extension-list-item@^2.3.0":
  version "2.3.0"
  resolved "https://registry.yarnpkg.com/@tiptap/extension-list-item/-/extension-list-item-2.3.0.tgz#7f0af465c1af160648ace586100ff3f8e612e9bf"
  integrity sha512-mHU+IuRa56OT6YCtxf5Z7OSUrbWdKhGCEX7RTrteDVs5oMB6W3oF9j88M5qQmZ1WDcxvQhAOoXctnMt6eX9zcA==

"@tiptap/extension-mention@^2.0.0-beta.202":
  version "2.3.0"
  resolved "https://registry.yarnpkg.com/@tiptap/extension-mention/-/extension-mention-2.3.0.tgz#d61c1c2ffa74346d20e1d1ed18783dd83c9e442a"
  integrity sha512-Zu18LIKOMWm7XQztGuwLTxGGwGMc0QDbEAXB5TLrKFYWdHoaU0wu65+mBa61kuUoZ1Ur71J7vu2tuU70uPd16w==

"@tiptap/extension-ordered-list@^2.3.0":
  version "2.3.0"
  resolved "https://registry.yarnpkg.com/@tiptap/extension-ordered-list/-/extension-ordered-list-2.3.0.tgz#75f7f668201a4cd3ec507c78d2229ec670e3e707"
  integrity sha512-gkf0tltXjlUj0cqyfDV2r7xy9YPKtcVSWwlCPun6OOi0KzKFiAMqQpA9hy2W6gJ+KCp8+KNRMClZOfH4TnnBfg==

"@tiptap/extension-paragraph@^2.3.0":
  version "2.3.0"
  resolved "https://registry.yarnpkg.com/@tiptap/extension-paragraph/-/extension-paragraph-2.3.0.tgz#959928b57785f4647d807fffe76e63719f2e53c4"
  integrity sha512-peCpA7DFqkd0cHb+cHv4YHNoMsXG8tKFNJlCHpLmsZWl2hWmpKgKmUrXAUfzjcFSvkZxn0xYc5oWbqUgg+2LzA==

"@tiptap/extension-placeholder@^2.0.0-beta.202":
  version "2.3.0"
  resolved "https://registry.yarnpkg.com/@tiptap/extension-placeholder/-/extension-placeholder-2.3.0.tgz#db1f4375c8365c491211457c6d13f6efa486cd3a"
  integrity sha512-1BOyxVLzyUYf6yOOeJ8CfpP6DSCS4L6HjBZqj6WP1z1NyBV8RAfhf3UuLNcimfSWAETXFR3g0ZbaxxWffI1cEg==

"@tiptap/extension-strike@^2.3.0":
  version "2.3.0"
  resolved "https://registry.yarnpkg.com/@tiptap/extension-strike/-/extension-strike-2.3.0.tgz#0d5afbda45c1c1ad15487fa48ef41a93b39388f2"
  integrity sha512-gOW4ALeH8gkJiUGGXVy/AOd5lAPTX0bzoOW1+sCLcTA7t8dluBW7M2ngNYxTEtlKqyv7aLfrgsYSiqucmmfSLw==

"@tiptap/extension-table-cell@^2.0.0-beta.202":
  version "2.3.0"
  resolved "https://registry.yarnpkg.com/@tiptap/extension-table-cell/-/extension-table-cell-2.3.0.tgz#efbf708a01f55147562354746d3fba6b32243c67"
  integrity sha512-jsFp5lc+be04AsuMiTGlluLnsmJl/51+sv0DewYHeidh7iyvk3R5y2pyA+Bk1V/txFdaH5GxOQvSH3RonEVMAg==

"@tiptap/extension-table-header@^2.0.0-beta.202":
  version "2.3.0"
  resolved "https://registry.yarnpkg.com/@tiptap/extension-table-header/-/extension-table-header-2.3.0.tgz#3f99795ef7202866c79cf7b1ea4e54eed7d93ea7"
  integrity sha512-wLvJqDBaXc/xs+NBJZoSIfO7fVYqcrIlsdtQRlBec3vTpSG0w0zlrM/JY4mjQKHzWsDk6hb9mvbK2scChOu5TA==

"@tiptap/extension-table-row@^2.0.0-beta.202":
  version "2.3.0"
  resolved "https://registry.yarnpkg.com/@tiptap/extension-table-row/-/extension-table-row-2.3.0.tgz#212fbac47b67e42b8a763dad4efaa83f3b80fbd4"
  integrity sha512-i2o/S8Mggw1GDxF5N5i8SvDvmOvbHu8MuWpdhFwfOkbrnEdtHlU/GjWIEstPymg4QyrfAEQa/KDffkrX0T7RNw==

"@tiptap/extension-table@^2.0.0-beta.202":
  version "2.3.0"
  resolved "https://registry.yarnpkg.com/@tiptap/extension-table/-/extension-table-2.3.0.tgz#a70d0251e5e116ee7ae7b85a2fbf2555773ba9ca"
  integrity sha512-1cU0C5LFyF7Nm8K2X6sntuunpLDE11XV8gV4ALbXv0FNKx2rG9Wq0tQlGHAjhYZMhWt386T21N7o13aMAov1GA==

"@tiptap/extension-text-align@^2.0.0-beta.202":
  version "2.3.0"
  resolved "https://registry.yarnpkg.com/@tiptap/extension-text-align/-/extension-text-align-2.3.0.tgz#92fa1a5b74f688f53139b47c437d21662d16721e"
  integrity sha512-Pj+Yuk8xpYLGxNKGRUwvjlrOQP66ZyzjpJN5xqjJ7anzb2OKrluWMBco3xhjd/h03viA+wYeJKfnEpk/SbzHTQ==

"@tiptap/extension-text-style@^2.0.0-beta.202":
  version "2.3.0"
  resolved "https://registry.yarnpkg.com/@tiptap/extension-text-style/-/extension-text-style-2.3.0.tgz#1f54d7afc9a49ede947a05260d53e01d546666cd"
  integrity sha512-S+sQZqd+QtJjbZ0LOp0Krf0dlrdMx7BQL0sUNKPq8XXRMcfW0pEEFGIU/0VDFQCldLIuyd7lZ8zo5cjaAgskIA==

"@tiptap/extension-text@^2.3.0":
  version "2.3.0"
  resolved "https://registry.yarnpkg.com/@tiptap/extension-text/-/extension-text-2.3.0.tgz#2ebd13dcb4f54b9f72af25fc1015eec474afe89d"
  integrity sha512-zkudl0TyKRy/8vHtyo5dMzjBRD0HEUnsS8YOsjR4xwQq5EYUXleRgM1s6lb6Yms2sLUAZRWdDddoQ686iq4zQg==

"@tiptap/extension-underline@^2.0.0-beta.202":
  version "2.3.0"
  resolved "https://registry.yarnpkg.com/@tiptap/extension-underline/-/extension-underline-2.3.0.tgz#3b79174ac09794523c017ddeb8da7d04ce6228fe"
  integrity sha512-vmmcwCPmWqGKYHZevz50+bxrpHyiu5y6YZweAE476hn8Mud6vYg7RpkXgW8bjkCOky6UA51uelslSc0XrLE6uw==

"@tiptap/pm@^2.0.0-beta.202":
  version "2.3.0"
  resolved "https://registry.yarnpkg.com/@tiptap/pm/-/pm-2.3.0.tgz#3f971d5d26401ba0db306f2ee1e317acb8ff6c91"
  integrity sha512-4WYqShZBwDyReKvapC0nmeYdOtZbZ31y4MjolpKQaSD4I7kg/oZspC+byUGdvIRsNpRN7i2X0IyvdISKk8gw5Q==
  dependencies:
    prosemirror-changeset "^2.2.1"
    prosemirror-collab "^1.3.1"
    prosemirror-commands "^1.5.2"
    prosemirror-dropcursor "^1.8.1"
    prosemirror-gapcursor "^1.3.2"
    prosemirror-history "^1.3.2"
    prosemirror-inputrules "^1.3.0"
    prosemirror-keymap "^1.2.2"
    prosemirror-markdown "^1.12.0"
    prosemirror-menu "^1.2.4"
    prosemirror-model "^1.19.4"
    prosemirror-schema-basic "^1.2.2"
    prosemirror-schema-list "^1.3.0"
    prosemirror-state "^1.4.3"
    prosemirror-tables "^1.3.5"
    prosemirror-trailing-node "^2.0.7"
    prosemirror-transform "^1.8.0"
    prosemirror-view "^1.32.7"

"@tiptap/prosemirror-tables@^1.1.3":
  version "1.1.4"
  resolved "https://registry.yarnpkg.com/@tiptap/prosemirror-tables/-/prosemirror-tables-1.1.4.tgz#e123978f13c9b5f980066ba660ec5df857755916"
  integrity sha512-O2XnDhZV7xTHSFxMMl8Ei3UVeCxuMlbGYZ+J2QG8CzkK8mxDpBa66kFr5DdyAhvdi1ptpcH9u7/GMwItQpN4sA==

"@tiptap/starter-kit@^2.0.0-beta.202":
  version "2.3.0"
  resolved "https://registry.yarnpkg.com/@tiptap/starter-kit/-/starter-kit-2.3.0.tgz#6a0834a98c0f780e706159dd3f3d70c992a98dd5"
  integrity sha512-TjvCd/hzEnuEYOdr5uQqcfHOMuj7JRoZBPdheupwl3SbuYiCxtcqYyAE5qoGXWwuVe9xVGerOLVPkDUgmyrH6A==
  dependencies:
    "@tiptap/core" "^2.3.0"
    "@tiptap/extension-blockquote" "^2.3.0"
    "@tiptap/extension-bold" "^2.3.0"
    "@tiptap/extension-bullet-list" "^2.3.0"
    "@tiptap/extension-code" "^2.3.0"
    "@tiptap/extension-code-block" "^2.3.0"
    "@tiptap/extension-document" "^2.3.0"
    "@tiptap/extension-dropcursor" "^2.3.0"
    "@tiptap/extension-gapcursor" "^2.3.0"
    "@tiptap/extension-hard-break" "^2.3.0"
    "@tiptap/extension-heading" "^2.3.0"
    "@tiptap/extension-history" "^2.3.0"
    "@tiptap/extension-horizontal-rule" "^2.3.0"
    "@tiptap/extension-italic" "^2.3.0"
    "@tiptap/extension-list-item" "^2.3.0"
    "@tiptap/extension-ordered-list" "^2.3.0"
    "@tiptap/extension-paragraph" "^2.3.0"
    "@tiptap/extension-strike" "^2.3.0"
    "@tiptap/extension-text" "^2.3.0"

"@tiptap/suggestion@^2.0.0-beta.202":
  version "2.3.0"
  resolved "https://registry.yarnpkg.com/@tiptap/suggestion/-/suggestion-2.3.0.tgz#6bb07afdf928853c1a638cae81da72b0ad92a09b"
  integrity sha512-QngwR9ahodVfwqp/kXxJvuL3zNb6XZu+vCuWy8RJrGP8DA7SCI9t8t7iB6NfG4kSsRGxM+3DuLi+2xOZQUaEVQ==

"@types/hast@^2.0.0":
  version "2.3.10"
  resolved "https://registry.yarnpkg.com/@types/hast/-/hast-2.3.10.tgz#5c9d9e0b304bbb8879b857225c5ebab2d81d7643"
  integrity sha512-McWspRw8xx8J9HurkVBfYj0xKoE25tOFlHGdx4MJ5xORQrMGZNqJhVQWaIbm6Oyla5kYOXtDiopzKRJzEOkwJw==
  dependencies:
    "@types/unist" "^2"

"@types/unist@^2":
  version "2.0.10"
  resolved "https://registry.yarnpkg.com/@types/unist/-/unist-2.0.10.tgz#04ffa7f406ab628f7f7e97ca23e290cd8ab15efc"
  integrity sha512-IfYcSBWE3hLpBg8+X2SEa8LVkJdJEkT2Ese2aaLs3ptGdVtABxndrMaxuFlQ1qdFf9Q5rDvDpxI3WwgvKFAsQA==

argparse@^2.0.1:
  version "2.0.1"
  resolved "https://registry.yarnpkg.com/argparse/-/argparse-2.0.1.tgz#246f50f3ca78a3240f6c997e8a9bd1eac49e4b38"
  integrity sha512-8+9WqebbFzpX9OR+Wa6O29asIogeRMzcGtAINdpMHHyAg10f05aSFVBbcEqGf/PXw1EjAZ+q2/bEBg3DvurK3Q==

"bali-view-components@https://github.com/Grupo-AFAL/bali-view-components.git":
  version "0.76.0"
  resolved "https://github.com/Grupo-AFAL/bali-view-components.git#4ee66ca084ed065393143a3048a6437fb302ae6b"
  dependencies:
    "@glidejs/glide" "^3.6.0"
    "@googlemaps/markerclusterer" "^2.3.2"
    "@hotwired/stimulus" "^3.1.0"
    "@popperjs/core" "^2.11.5"
    "@rails/request.js" "^0.0.9"
    "@tiptap/core" "^2.0.0-beta.202"
    "@tiptap/extension-bubble-menu" "^2.0.0-beta.202"
    "@tiptap/extension-code-block" "^2.0.0-beta.202"
    "@tiptap/extension-code-block-lowlight" "^2.0.0-beta.202"
    "@tiptap/extension-color" "^2.0.0-beta.202"
    "@tiptap/extension-image" "^2.0.0-beta.202"
    "@tiptap/extension-link" "^2.0.0-beta.202"
    "@tiptap/extension-mention" "^2.0.0-beta.202"
    "@tiptap/extension-placeholder" "^2.0.0-beta.202"
    "@tiptap/extension-table" "^2.0.0-beta.202"
    "@tiptap/extension-table-cell" "^2.0.0-beta.202"
    "@tiptap/extension-table-header" "^2.0.0-beta.202"
    "@tiptap/extension-table-row" "^2.0.0-beta.202"
    "@tiptap/extension-text-align" "^2.0.0-beta.202"
    "@tiptap/extension-text-style" "^2.0.0-beta.202"
    "@tiptap/extension-underline" "^2.0.0-beta.202"
    "@tiptap/pm" "^2.0.0-beta.202"
    "@tiptap/prosemirror-tables" "^1.1.3"
    "@tiptap/starter-kit" "^2.0.0-beta.202"
    "@tiptap/suggestion" "^2.0.0-beta.202"
    chart.js "^4.0.0"
    date-fns "^3.3.1"
    flatpickr "^4.6.13"
    lodash.debounce "^4.0.8"
    lodash.throttle "^4.1.1"
    lowlight "^2.9.0"
    prosemirror-commands "^1.5.0"
    prosemirror-dropcursor "^1.6.1"
    prosemirror-gapcursor "^1.3.1"
    prosemirror-history "^1.3.0"
    prosemirror-keymap "^1.2.0"
    prosemirror-model "^1.18.3"
    prosemirror-schema-list "^1.2.2"
    prosemirror-state "^1.4.2"
    prosemirror-transform "^1.7.0"
    prosemirror-view "^1.29.1"
    slim-select "^2.8.1"
    sortablejs "^1.15.0"
    tippy.js "^6.3.7"

chart.js@^4.0.0:
  version "4.4.2"
  resolved "https://registry.yarnpkg.com/chart.js/-/chart.js-4.4.2.tgz#95962fa6430828ed325a480cc2d5f2b4e385ac31"
  integrity sha512-6GD7iKwFpP5kbSD4MeRRRlTnQvxfQREy36uEtm1hzHzcOqwWx0YEHuspuoNlslu+nciLIB7fjjsHkUv/FzFcOg==
  dependencies:
    "@kurkle/color" "^0.3.0"

crelt@^1.0.0:
  version "1.0.6"
  resolved "https://registry.yarnpkg.com/crelt/-/crelt-1.0.6.tgz#7cc898ea74e190fb6ef9dae57f8f81cf7302df72"
  integrity sha512-VQ2MBenTq1fWZUH9DJNGti7kKv6EeAuYr3cLwxUWhIu1baTaXh4Ib5W2CqHVqib4/MqbYGJqiL3Zb8GJZr3l4g==

date-fns@^3.3.1:
  version "3.6.0"
  resolved "https://registry.yarnpkg.com/date-fns/-/date-fns-3.6.0.tgz#f20ca4fe94f8b754951b24240676e8618c0206bf"
  integrity sha512-fRHTG8g/Gif+kSh50gaGEdToemgfj74aRX3swtiouboip5JDLAyDE9F11nHMIcvOaXeOC6D7SpNhi7uFyB7Uww==

entities@^4.4.0:
  version "4.5.0"
  resolved "https://registry.yarnpkg.com/entities/-/entities-4.5.0.tgz#5d268ea5e7113ec74c4d033b79ea5a35a488fb48"
  integrity sha512-V0hjH4dGPh9Ao5p0MoRY6BVqtwCjhz6vI5LT8AJ55H+4g9/4vbHx1I54fS0XuclLhDHArPQCiMjDxjaL8fPxhw==

esbuild@^0.20.0:
  version "0.20.2"
  resolved "https://registry.yarnpkg.com/esbuild/-/esbuild-0.20.2.tgz#9d6b2386561766ee6b5a55196c6d766d28c87ea1"
  integrity sha512-WdOOppmUNU+IbZ0PaDiTst80zjnrOkyJNHoKupIcVyU8Lvla3Ugx94VzkQ32Ijqd7UhHJy75gNWDMUekcrSJ6g==
  optionalDependencies:
    "@esbuild/aix-ppc64" "0.20.2"
    "@esbuild/android-arm" "0.20.2"
    "@esbuild/android-arm64" "0.20.2"
    "@esbuild/android-x64" "0.20.2"
    "@esbuild/darwin-arm64" "0.20.2"
    "@esbuild/darwin-x64" "0.20.2"
    "@esbuild/freebsd-arm64" "0.20.2"
    "@esbuild/freebsd-x64" "0.20.2"
    "@esbuild/linux-arm" "0.20.2"
    "@esbuild/linux-arm64" "0.20.2"
    "@esbuild/linux-ia32" "0.20.2"
    "@esbuild/linux-loong64" "0.20.2"
    "@esbuild/linux-mips64el" "0.20.2"
    "@esbuild/linux-ppc64" "0.20.2"
    "@esbuild/linux-riscv64" "0.20.2"
    "@esbuild/linux-s390x" "0.20.2"
    "@esbuild/linux-x64" "0.20.2"
    "@esbuild/netbsd-x64" "0.20.2"
    "@esbuild/openbsd-x64" "0.20.2"
    "@esbuild/sunos-x64" "0.20.2"
    "@esbuild/win32-arm64" "0.20.2"
    "@esbuild/win32-ia32" "0.20.2"
    "@esbuild/win32-x64" "0.20.2"

escape-string-regexp@^4.0.0:
  version "4.0.0"
  resolved "https://registry.yarnpkg.com/escape-string-regexp/-/escape-string-regexp-4.0.0.tgz#14ba83a5d373e3d311e5afca29cf5bfad965bf34"
  integrity sha512-TtpcNJ3XAzx3Gq8sWRzJaVajRs0uVxA2YAkdb1jm2YkPz4G6egUFAyA3n5vtEIZefPk5Wa4UXbKuS5fKkJWdgA==

fast-deep-equal@^3.1.3:
  version "3.1.3"
  resolved "https://registry.yarnpkg.com/fast-deep-equal/-/fast-deep-equal-3.1.3.tgz#3a7d56b559d6cbc3eb512325244e619a65c6c525"
  integrity sha512-f3qQ9oQy9j2AhBe/H9VC91wLmKBCCU/gDOnKNAYG5hswO7BLKj09Hc5HYNz9cGI++xlpDCIgDaitVs03ATR84Q==

fault@^2.0.0:
  version "2.0.1"
  resolved "https://registry.yarnpkg.com/fault/-/fault-2.0.1.tgz#d47ca9f37ca26e4bd38374a7c500b5a384755b6c"
  integrity sha512-WtySTkS4OKev5JtpHXnib4Gxiurzh5NCGvWrFaZ34m6JehfTUhKZvn9njTfw48t6JumVQOmrKqpmGcdwxnhqBQ==
  dependencies:
    format "^0.2.0"

flatpickr@^4.6.13:
  version "4.6.13"
  resolved "https://registry.yarnpkg.com/flatpickr/-/flatpickr-4.6.13.tgz#8a029548187fd6e0d670908471e43abe9ad18d94"
  integrity sha512-97PMG/aywoYpB4IvbvUJi0RQi8vearvU0oov1WW3k0WZPBMrTQVqekSX5CjSG/M4Q3i6A/0FKXC7RyAoAUUSPw==

format@^0.2.0:
  version "0.2.2"
  resolved "https://registry.yarnpkg.com/format/-/format-0.2.2.tgz#d6170107e9efdc4ed30c9dc39016df942b5cb58b"
  integrity sha512-wzsgA6WOq+09wrU1tsJ09udeR/YZRaeArL9e1wPbFg3GG2yDnC2ldKpxs4xunpFF9DgqCqOIra3bc1HWrJ37Ww==

highlight.js@~11.8.0:
  version "11.8.0"
  resolved "https://registry.yarnpkg.com/highlight.js/-/highlight.js-11.8.0.tgz#966518ea83257bae2e7c9a48596231856555bb65"
  integrity sha512-MedQhoqVdr0U6SSnWPzfiadUcDHfN/Wzq25AkXiQv9oiOO/sG0S7XkvpFIqWBl9Yq1UYyYOOVORs5UW2XlPyzg==

kdbush@^4.0.2:
  version "4.0.2"
  resolved "https://registry.yarnpkg.com/kdbush/-/kdbush-4.0.2.tgz#2f7b7246328b4657dd122b6c7f025fbc2c868e39"
  integrity sha512-WbCVYJ27Sz8zi9Q7Q0xHC+05iwkm3Znipc2XTlrnJbsHMYktW4hPhXUE8Ys1engBrvffoSCqbil1JQAa7clRpA==

linkify-it@^5.0.0:
  version "5.0.0"
  resolved "https://registry.yarnpkg.com/linkify-it/-/linkify-it-5.0.0.tgz#9ef238bfa6dc70bd8e7f9572b52d369af569b421"
  integrity sha512-5aHCbzQRADcdP+ATqnDuhhJ/MRIqDkZX5pyjFHRRysS8vZ5AbqGEoFIb6pYHPZ+L/OC2Lc+xT8uHVVR5CAK/wQ==
  dependencies:
    uc.micro "^2.0.0"

linkifyjs@^4.1.0:
  version "4.1.3"
  resolved "https://registry.yarnpkg.com/linkifyjs/-/linkifyjs-4.1.3.tgz#0edbc346428a7390a23ea2e5939f76112c9ae07f"
  integrity sha512-auMesunaJ8yfkHvK4gfg1K0SaKX/6Wn9g2Aac/NwX+l5VdmFZzo/hdPGxEOETj+ryRa4/fiOPjeeKURSAJx1sg==

lodash.debounce@^4.0.8:
  version "4.0.8"
  resolved "https://registry.yarnpkg.com/lodash.debounce/-/lodash.debounce-4.0.8.tgz#82d79bff30a67c4005ffd5e2515300ad9ca4d7af"
  integrity sha512-FT1yDzDYEoYWhnSGnpE/4Kj1fLZkDFyqRb7fNt6FdYOSxlUWAtp42Eh6Wb0rGIv/m9Bgo7x4GhQbm5Ys4SG5ow==

lodash.throttle@^4.1.1:
  version "4.1.1"
  resolved "https://registry.yarnpkg.com/lodash.throttle/-/lodash.throttle-4.1.1.tgz#c23e91b710242ac70c37f1e1cda9274cc39bf2f4"
  integrity sha512-wIkUCfVKpVsWo3JSZlc+8MB5it+2AN5W8J7YVMST30UrvcQNZ1Okbj+rbVniijTWE6FGYy4XJq/rHkas8qJMLQ==

lowlight@^2.9.0:
  version "2.9.0"
  resolved "https://registry.yarnpkg.com/lowlight/-/lowlight-2.9.0.tgz#70da647a4319c7bfd8e97721a679b13ef5621496"
  integrity sha512-OpcaUTCLmHuVuBcyNckKfH5B0oA4JUavb/M/8n9iAvanJYNQkrVm4pvyX0SUaqkBG4dnWHKt7p50B3ngAG2Rfw==
  dependencies:
    "@types/hast" "^2.0.0"
    fault "^2.0.0"
    highlight.js "~11.8.0"

markdown-it@^14.0.0:
  version "14.1.0"
  resolved "https://registry.yarnpkg.com/markdown-it/-/markdown-it-14.1.0.tgz#3c3c5992883c633db4714ccb4d7b5935d98b7d45"
  integrity sha512-a54IwgWPaeBCAAsv13YgmALOF1elABB08FxO9i+r4VFk5Vl4pKokRPeX8u5TCgSsPi6ec1otfLjdOpVcgbpshg==
  dependencies:
    argparse "^2.0.1"
    entities "^4.4.0"
    linkify-it "^5.0.0"
    mdurl "^2.0.0"
    punycode.js "^2.3.1"
    uc.micro "^2.1.0"

mdurl@^2.0.0:
  version "2.0.0"
  resolved "https://registry.yarnpkg.com/mdurl/-/mdurl-2.0.0.tgz#80676ec0433025dd3e17ee983d0fe8de5a2237e0"
  integrity sha512-Lf+9+2r+Tdp5wXDXC4PcIBjTDtq4UKjCPMQhKIuzpJNW0b96kVqSwW0bT7FhRSfmAiFYgP+SCRvdrDozfh0U5w==

orderedmap@^2.0.0:
  version "2.1.1"
  resolved "https://registry.yarnpkg.com/orderedmap/-/orderedmap-2.1.1.tgz#61481269c44031c449915497bf5a4ad273c512d2"
  integrity sha512-TvAWxi0nDe1j/rtMcWcIj94+Ffe6n7zhow33h40SKxmsmozs6dz/e+EajymfoFcHd7sxNn8yHM8839uixMOV6g==

prosemirror-changeset@^2.2.1:
  version "2.2.1"
  resolved "https://registry.yarnpkg.com/prosemirror-changeset/-/prosemirror-changeset-2.2.1.tgz#dae94b63aec618fac7bb9061648e6e2a79988383"
  integrity sha512-J7msc6wbxB4ekDFj+n9gTW/jav/p53kdlivvuppHsrZXCaQdVgRghoZbSS3kwrRyAstRVQ4/+u5k7YfLgkkQvQ==
  dependencies:
    prosemirror-transform "^1.0.0"

prosemirror-collab@^1.3.1:
  version "1.3.1"
  resolved "https://registry.yarnpkg.com/prosemirror-collab/-/prosemirror-collab-1.3.1.tgz#0e8c91e76e009b53457eb3b3051fb68dad029a33"
  integrity sha512-4SnynYR9TTYaQVXd/ieUvsVV4PDMBzrq2xPUWutHivDuOshZXqQ5rGbZM84HEaXKbLdItse7weMGOUdDVcLKEQ==
  dependencies:
    prosemirror-state "^1.0.0"

prosemirror-commands@^1.0.0, prosemirror-commands@^1.5.0, prosemirror-commands@^1.5.2:
  version "1.5.2"
  resolved "https://registry.yarnpkg.com/prosemirror-commands/-/prosemirror-commands-1.5.2.tgz#e94aeea52286f658cd984270de9b4c3fff580852"
  integrity sha512-hgLcPaakxH8tu6YvVAaILV2tXYsW3rAdDR8WNkeKGcgeMVQg3/TMhPdVoh7iAmfgVjZGtcOSjKiQaoeKjzd2mQ==
  dependencies:
    prosemirror-model "^1.0.0"
    prosemirror-state "^1.0.0"
    prosemirror-transform "^1.0.0"

prosemirror-dropcursor@^1.6.1, prosemirror-dropcursor@^1.8.1:
  version "1.8.1"
  resolved "https://registry.yarnpkg.com/prosemirror-dropcursor/-/prosemirror-dropcursor-1.8.1.tgz#49b9fb2f583e0d0f4021ff87db825faa2be2832d"
  integrity sha512-M30WJdJZLyXHi3N8vxN6Zh5O8ZBbQCz0gURTfPmTIBNQ5pxrdU7A58QkNqfa98YEjSAL1HUyyU34f6Pm5xBSGw==
  dependencies:
    prosemirror-state "^1.0.0"
    prosemirror-transform "^1.1.0"
    prosemirror-view "^1.1.0"

prosemirror-gapcursor@^1.3.1, prosemirror-gapcursor@^1.3.2:
  version "1.3.2"
  resolved "https://registry.yarnpkg.com/prosemirror-gapcursor/-/prosemirror-gapcursor-1.3.2.tgz#5fa336b83789c6199a7341c9493587e249215cb4"
  integrity sha512-wtjswVBd2vaQRrnYZaBCbyDqr232Ed4p2QPtRIUK5FuqHYKGWkEwl08oQM4Tw7DOR0FsasARV5uJFvMZWxdNxQ==
  dependencies:
    prosemirror-keymap "^1.0.0"
    prosemirror-model "^1.0.0"
    prosemirror-state "^1.0.0"
    prosemirror-view "^1.0.0"

prosemirror-history@^1.0.0, prosemirror-history@^1.3.0, prosemirror-history@^1.3.2:
  version "1.4.0"
  resolved "https://registry.yarnpkg.com/prosemirror-history/-/prosemirror-history-1.4.0.tgz#1edbce630aaf21b808e5a5cd798a09976ecb1827"
  integrity sha512-UUiGzDVcqo1lovOPdi9YxxUps3oBFWAIYkXLu3Ot+JPv1qzVogRbcizxK3LhHmtaUxclohgiOVesRw5QSlMnbQ==
  dependencies:
    prosemirror-state "^1.2.2"
    prosemirror-transform "^1.0.0"
    prosemirror-view "^1.31.0"
    rope-sequence "^1.3.0"

prosemirror-inputrules@^1.3.0:
  version "1.4.0"
  resolved "https://registry.yarnpkg.com/prosemirror-inputrules/-/prosemirror-inputrules-1.4.0.tgz#ef1519bb2cb0d1e0cec74bad1a97f1c1555068bb"
  integrity sha512-6ygpPRuTJ2lcOXs9JkefieMst63wVJBgHZGl5QOytN7oSZs3Co/BYbc3Yx9zm9H37Bxw8kVzCnDsihsVsL4yEg==
  dependencies:
    prosemirror-state "^1.0.0"
    prosemirror-transform "^1.0.0"

prosemirror-keymap@^1.0.0, prosemirror-keymap@^1.1.2, prosemirror-keymap@^1.2.0, prosemirror-keymap@^1.2.2:
  version "1.2.2"
  resolved "https://registry.yarnpkg.com/prosemirror-keymap/-/prosemirror-keymap-1.2.2.tgz#14a54763a29c7b2704f561088ccf3384d14eb77e"
  integrity sha512-EAlXoksqC6Vbocqc0GtzCruZEzYgrn+iiGnNjsJsH4mrnIGex4qbLdWWNza3AW5W36ZRrlBID0eM6bdKH4OStQ==
  dependencies:
    prosemirror-state "^1.0.0"
    w3c-keyname "^2.2.0"

prosemirror-markdown@^1.12.0:
  version "1.12.0"
  resolved "https://registry.yarnpkg.com/prosemirror-markdown/-/prosemirror-markdown-1.12.0.tgz#d2de09d37897abf7adb6293d925ff132dac5b0a6"
  integrity sha512-6F5HS8Z0HDYiS2VQDZzfZP6A0s/I0gbkJy8NCzzDMtcsz3qrfqyroMMeoSjAmOhDITyon11NbXSzztfKi+frSQ==
  dependencies:
    markdown-it "^14.0.0"
    prosemirror-model "^1.0.0"

prosemirror-menu@^1.2.4:
  version "1.2.4"
  resolved "https://registry.yarnpkg.com/prosemirror-menu/-/prosemirror-menu-1.2.4.tgz#3cfdc7c06d10f9fbd1bce29082c498bd11a0a79a"
  integrity sha512-S/bXlc0ODQup6aiBbWVsX/eM+xJgCTAfMq/nLqaO5ID/am4wS0tTCIkzwytmao7ypEtjj39i7YbJjAgO20mIqA==
  dependencies:
    crelt "^1.0.0"
    prosemirror-commands "^1.0.0"
    prosemirror-history "^1.0.0"
    prosemirror-state "^1.0.0"

prosemirror-model@^1.0.0, prosemirror-model@^1.18.3, prosemirror-model@^1.19.0, prosemirror-model@^1.19.4, prosemirror-model@^1.20.0, prosemirror-model@^1.8.1:
  version "1.20.0"
  resolved "https://registry.yarnpkg.com/prosemirror-model/-/prosemirror-model-1.20.0.tgz#4bdc5221f7a58de9fb35d0919687b7e0c765ad53"
  integrity sha512-q7AY7vMjKYqDCeoedgUiAgrLabliXxndJuuFmcmc2+YU1SblvnOiG2WEACF2lwAZsMlfLpiAilA3L+TWlDqIsQ==
  dependencies:
    orderedmap "^2.0.0"

prosemirror-schema-basic@^1.2.2:
  version "1.2.2"
  resolved "https://registry.yarnpkg.com/prosemirror-schema-basic/-/prosemirror-schema-basic-1.2.2.tgz#6695f5175e4628aab179bf62e5568628b9cfe6c7"
  integrity sha512-/dT4JFEGyO7QnNTe9UaKUhjDXbTNkiWTq/N4VpKaF79bBjSExVV2NXmJpcM7z/gD7mbqNjxbmWW5nf1iNSSGnw==
  dependencies:
    prosemirror-model "^1.19.0"

prosemirror-schema-list@^1.2.2, prosemirror-schema-list@^1.3.0:
  version "1.3.0"
  resolved "https://registry.yarnpkg.com/prosemirror-schema-list/-/prosemirror-schema-list-1.3.0.tgz#05374702cf35a3ba5e7ec31079e355a488d52519"
  integrity sha512-Hz/7gM4skaaYfRPNgr421CU4GSwotmEwBVvJh5ltGiffUJwm7C8GfN/Bc6DR1EKEp5pDKhODmdXXyi9uIsZl5A==
  dependencies:
    prosemirror-model "^1.0.0"
    prosemirror-state "^1.0.0"
    prosemirror-transform "^1.7.3"

prosemirror-state@^1.0.0, prosemirror-state@^1.2.2, prosemirror-state@^1.3.1, prosemirror-state@^1.4.2, prosemirror-state@^1.4.3:
  version "1.4.3"
  resolved "https://registry.yarnpkg.com/prosemirror-state/-/prosemirror-state-1.4.3.tgz#94aecf3ffd54ec37e87aa7179d13508da181a080"
  integrity sha512-goFKORVbvPuAQaXhpbemJFRKJ2aixr+AZMGiquiqKxaucC6hlpHNZHWgz5R7dS4roHiwq9vDctE//CZ++o0W1Q==
  dependencies:
    prosemirror-model "^1.0.0"
    prosemirror-transform "^1.0.0"
    prosemirror-view "^1.27.0"

prosemirror-tables@^1.3.5:
  version "1.3.7"
  resolved "https://registry.yarnpkg.com/prosemirror-tables/-/prosemirror-tables-1.3.7.tgz#9d296bd432d2bc7dca90f14e5c3b5c5f61277f7a"
  integrity sha512-oEwX1wrziuxMtwFvdDWSFHVUWrFJWt929kVVfHvtTi8yvw+5ppxjXZkMG/fuTdFo+3DXyIPSKfid+Be1npKXDA==
  dependencies:
    prosemirror-keymap "^1.1.2"
    prosemirror-model "^1.8.1"
    prosemirror-state "^1.3.1"
    prosemirror-transform "^1.2.1"
    prosemirror-view "^1.13.3"

prosemirror-trailing-node@^2.0.7:
  version "2.0.8"
  resolved "https://registry.yarnpkg.com/prosemirror-trailing-node/-/prosemirror-trailing-node-2.0.8.tgz#233ddcbda72de06f9b5d758d2a65a8cac482ea10"
  integrity sha512-ujRYhSuhQb1Jsarh1IHqb2KoSnRiD7wAMDGucP35DN7j5af6X7B18PfdPIrbwsPTqIAj0fyOvxbuPsWhNvylmA==
  dependencies:
    "@remirror/core-constants" "^2.0.2"
    escape-string-regexp "^4.0.0"

prosemirror-transform@^1.0.0, prosemirror-transform@^1.1.0, prosemirror-transform@^1.2.1, prosemirror-transform@^1.7.0, prosemirror-transform@^1.7.3, prosemirror-transform@^1.8.0:
  version "1.8.0"
  resolved "https://registry.yarnpkg.com/prosemirror-transform/-/prosemirror-transform-1.8.0.tgz#a47c64a3c373c1bd0ff46e95be3210c8dda0cd11"
  integrity sha512-BaSBsIMv52F1BVVMvOmp1yzD3u65uC3HTzCBQV1WDPqJRQ2LuHKcyfn0jwqodo8sR9vVzMzZyI+Dal5W9E6a9A==
  dependencies:
    prosemirror-model "^1.0.0"

prosemirror-view@^1.0.0, prosemirror-view@^1.1.0, prosemirror-view@^1.13.3, prosemirror-view@^1.27.0, prosemirror-view@^1.29.1, prosemirror-view@^1.31.0, prosemirror-view@^1.32.7:
  version "1.33.4"
  resolved "https://registry.yarnpkg.com/prosemirror-view/-/prosemirror-view-1.33.4.tgz#ff75e7ea3948f1bc00877e4f19150410f9ab5d52"
  integrity sha512-xQqAhH8/HGleVpKDhQsrd+oqdyeKMxFtdCWDxWMmP+n0k27fBpyUqa8pA+RB5cFY8rqDDc1hll69aRZQa7UaAw==
  dependencies:
    prosemirror-model "^1.20.0"
    prosemirror-state "^1.0.0"
    prosemirror-transform "^1.1.0"

punycode.js@^2.3.1:
  version "2.3.1"
  resolved "https://registry.yarnpkg.com/punycode.js/-/punycode.js-2.3.1.tgz#6b53e56ad75588234e79f4affa90972c7dd8cdb7"
  integrity sha512-uxFIHU0YlHYhDQtV4R9J6a52SLx28BCjT+4ieh7IGbgwVJWO+km431c4yRlREUAsAmt/uMjQUyQHNEPf0M39CA==

rope-sequence@^1.3.0:
  version "1.3.4"
  resolved "https://registry.yarnpkg.com/rope-sequence/-/rope-sequence-1.3.4.tgz#df85711aaecd32f1e756f76e43a415171235d425"
  integrity sha512-UT5EDe2cu2E/6O4igUr5PSFs23nvvukicWHx6GnOPlHAiiYbzNuCRQCuiUdHJQcqKalLKlrYJnjY0ySGsXNQXQ==

slim-select@^2.8.1:
  version "2.8.2"
  resolved "https://registry.yarnpkg.com/slim-select/-/slim-select-2.8.2.tgz#6f315e34a22787308d785966b49d0366da591f8b"
  integrity sha512-f4urDhh1aYVK2JCg1UMPKj+LaP3S8xO2LAt06svMQq4aLZyYWB9D6vmgqAoMJuXBOl+F0tVuo/zG2lerRxy3aA==

sortablejs@^1.15.0:
  version "1.15.2"
  resolved "https://registry.yarnpkg.com/sortablejs/-/sortablejs-1.15.2.tgz#4e9f7bda4718bd1838add9f1866ec77169149809"
  integrity sha512-FJF5jgdfvoKn1MAKSdGs33bIqLi3LmsgVTliuX6iITj834F+JRQZN90Z93yql8h0K2t0RwDPBmxwlbZfDcxNZA==

supercluster@^8.0.1:
  version "8.0.1"
  resolved "https://registry.yarnpkg.com/supercluster/-/supercluster-8.0.1.tgz#9946ba123538e9e9ab15de472531f604e7372df5"
  integrity sha512-IiOea5kJ9iqzD2t7QJq/cREyLHTtSmUT6gQsweojg9WH2sYJqZK9SswTu6jrscO6D1G5v5vYZ9ru/eq85lXeZQ==
  dependencies:
    kdbush "^4.0.2"

tippy.js@^6.3.7:
  version "6.3.7"
  resolved "https://registry.yarnpkg.com/tippy.js/-/tippy.js-6.3.7.tgz#8ccfb651d642010ed9a32ff29b0e9e19c5b8c61c"
  integrity sha512-E1d3oP2emgJ9dRQZdf3Kkn0qJgI6ZLpyS5z6ZkY1DF3kaQaBsGZsndEpHwx+eC+tYM41HaSNvNtLx8tU57FzTQ==
  dependencies:
    "@popperjs/core" "^2.9.0"

uc.micro@^2.0.0, uc.micro@^2.1.0:
  version "2.1.0"
  resolved "https://registry.yarnpkg.com/uc.micro/-/uc.micro-2.1.0.tgz#f8d3f7d0ec4c3dea35a7e3c8efa4cb8b45c9e7ee"
  integrity sha512-ARDJmphmdvUk6Glw7y9DQ2bFkKBHwQHLi2lsaH6PPmz/Ka9sFOBsBluozhDltWmnv9u/cF6Rt87znRTPV+yp/A==

w3c-keyname@^2.2.0:
  version "2.2.8"
  resolved "https://registry.yarnpkg.com/w3c-keyname/-/w3c-keyname-2.2.8.tgz#7b17c8c6883d4e8b86ac8aba79d39e880f8869c5"
  integrity sha512-dpojBhNsCNN7T82Tm7k26A6G9ML3NkhDsnw9n/eoxSRlVBB4CEtIQ/KTCLI2Fwf3ataSXRhYFkQi3SlnFwPvPQ==
